{
    "name": "aws-ai-service-worker",
    "version": "0.0.0",
    "lockfileVersion": 1,
    "requires": true,
    "dependencies": {
        "@mcma/aws-client": {
            "version": "0.13.18",
            "resolved": "http://localhost:4873/@mcma%2faws-client/-/aws-client-0.13.18.tgz",
            "integrity": "sha512-JCayQUwiWl9Cs2kzN93sUvLQicyA3BtQVE54SFEiuMI4WZhaziUWsdZJEAJWi4N/jWUPFdxRrilGnUza1U5Dvg==",
            "requires": {
                "crypto-js": "^3.1.9-1"
            }
        },
        "@mcma/aws-dynamodb": {
            "version": "0.13.18",
            "resolved": "http://localhost:4873/@mcma%2faws-dynamodb/-/aws-dynamodb-0.13.18.tgz",
            "integrity": "sha512-xcn83sCS1RyoAsqymSmM52MB2seauE9scKXv6c7FVME/c+cATNO9+pEtNvBOLPHmijkjlQpgYvyd0R+YFoAviA==",
            "requires": {
                "aws-sdk": "^2.530.0",
                "dynamodb-doc": "^1.0.0",
                "jsonpath": "1.0.2"
            }
        },
        "@mcma/aws-logger": {
            "version": "0.13.18",
            "resolved": "http://localhost:4873/@mcma%2faws-logger/-/aws-logger-0.13.18.tgz",
            "integrity": "sha512-pthGURK9pNPFgwIx1xBkHsHtRr+PG/8DD6ZsawUu0IFAzF8XybiGikqH5vZPxqFXDH6bk1FyqaXkr/AQcmHtoA==",
            "requires": {
                "aws-sdk": "^2.530.0",
                "uuid": "^7.0.3"
            }
        },
        "@mcma/aws-s3": {
            "version": "0.13.18",
            "resolved": "http://localhost:4873/@mcma%2faws-s3/-/aws-s3-0.13.18.tgz",
            "integrity": "sha512-u7/S5wkmmjCte75BBvQEMoFxcYcKbV6h8ZjTz2ogD4R1k5TToqS29MW2nPR8Ri/26QXGSk5odUGo0/Sx300QsA==",
            "requires": {
                "aws-sdk": "^2.530.0"
            }
        },
        "@mcma/client": {
            "version": "0.13.18",
            "resolved": "http://localhost:4873/@mcma%2fclient/-/client-0.13.18.tgz",
            "integrity": "sha512-zJAMdwjJ+68DZeTwuSXB1syltqkO4C5qzX6yd/ASRdUwh1hxp7ucz42/sQOi+9Tb+Dz4d/RggF2l0TLqiRHVJA==",
            "requires": {
                "axios": "^0.18.0"
            },
            "dependencies": {
                "axios": {
                    "version": "0.18.1",
                    "resolved": "http://localhost:4873/axios/-/axios-0.18.1.tgz",
                    "integrity": "sha512-0BfJq4NSfQXd+SkFdrvFbG7addhYSBA2mQwISr46pD6E5iqkWg02RAs8vyTT/j0RTnoYmeXauBuSv1qKwR179g==",
                    "requires": {
                        "follow-redirects": "1.5.10",
                        "is-buffer": "^2.0.2"
                    }
                }
            }
        },
        "@mcma/core": {
            "version": "0.13.18",
            "resolved": "http://localhost:4873/@mcma%2fcore/-/core-0.13.18.tgz",
            "integrity": "sha512-q5QurVOKQEDaVf/wyE/JM7vHnGujPdOtaPcN+RzeAOwAseYzgvbPO/EQAjJGG2BNgAEPJwWijbmfquZf4eO3Lg==",
            "requires": {
                "uuid": "^7.0.3"
            }
        },
        "@mcma/data": {
            "version": "0.13.18",
            "resolved": "http://localhost:4873/@mcma%2fdata/-/data-0.13.18.tgz",
            "integrity": "sha512-6LfQyW4R7BCr6eo8OOiXRthjBPuYzl25bCu+Qi0fm7LCIqQEhrv5jlfPbQMk7xXrKqA5skAaskB5mvlSQAlktQ=="
        },
        "@mcma/worker": {
            "version": "0.13.18",
            "resolved": "http://localhost:4873/@mcma%2fworker/-/worker-0.13.18.tgz",
            "integrity": "sha512-5doh5sRHUi3ENvFsE4L0Ds8OE7gL/A8blY23KnxrrUUFKhIblh276/KBRrp6aMszuOF7uSY93mKQea1W0/czTg=="
        },
        "@types/aws-lambda": {
            "version": "8.10.63",
            "resolved": "http://localhost:4873/@types%2faws-lambda/-/aws-lambda-8.10.63.tgz",
            "integrity": "sha512-XEE+3iJxyeCmZTUoHZRbnxSy8aMxXXwrALgsoDBGcgkbll+8bDfuk4XbIJ9Oaec/Pxee6rno6SGMiV6EbqhF+A==",
            "dev": true
        },
        "@types/node": {
            "version": "10.17.35",
            "resolved": "http://localhost:4873/@types%2fnode/-/node-10.17.35.tgz",
            "integrity": "sha512-gXx7jAWpMddu0f7a+L+txMplp3FnHl53OhQIF9puXKq3hDGY/GjH+MF04oWnV/adPSCrbtHumDCFwzq2VhltWA==",
            "dev": true
        },
        "@types/uuid": {
            "version": "7.0.4",
            "resolved": "http://localhost:4873/@types%2fuuid/-/uuid-7.0.4.tgz",
            "integrity": "sha512-WGZCqBZZ0mXN2RxvLHL6/7RCu+OWs28jgQMP04LWfpyJlQUMTR6YU9CNJAKDgbw+EV/u687INXuLUc7FuML/4g==",
            "dev": true
        },
        "aws-sdk": {
            "version": "2.755.0",
            "resolved": "http://localhost:4873/aws-sdk/-/aws-sdk-2.755.0.tgz",
            "integrity": "sha512-APei6/d3ki6wi9pp6XvQ7QTiOhDBCo1qCOQZ5n8POUE1yrB7/6SNWami9OTj2TavFvnz7OuPr5YZ2/Ra45N49A==",
            "requires": {
                "buffer": "4.9.2",
                "events": "1.1.1",
                "ieee754": "1.1.13",
                "jmespath": "0.15.0",
                "querystring": "0.2.0",
                "sax": "1.2.1",
                "url": "0.10.3",
                "uuid": "3.3.2",
                "xml2js": "0.4.19"
            },
            "dependencies": {
                "uuid": {
                    "version": "3.3.2",
                    "resolved": "http://localhost:4873/uuid/-/uuid-3.3.2.tgz",
                    "integrity": "sha512-yXJmeNaw3DnnKAOKJE51sL/ZaYfWJRl1pK9dr19YFCu0ObS231AB1/LbqTKRAQ5kw8A90rA6fr4riOUpTZvQZA=="
                }
            }
        },
        "axios": {
            "version": "0.19.0",
            "resolved": "https://registry.npmjs.org/axios/-/axios-0.19.0.tgz",
            "integrity": "sha512-1uvKqKQta3KBxIz14F2v06AEHZ/dIoeKfbTRkK1E5oqjDnuEerLmYTgJB5AiQZHJcljpg1TuRzdjDR06qNk0DQ==",
            "requires": {
                "follow-redirects": "1.5.10",
                "is-buffer": "^2.0.2"
            }
        },
        "base64-js": {
            "version": "1.3.1",
            "resolved": "http://localhost:4873/base64-js/-/base64-js-1.3.1.tgz",
            "integrity": "sha512-mLQ4i2QO1ytvGWFWmcngKO//JXAQueZvwEKtjgQFM4jIK0kU+ytMfplL8j+n5mspOfjHwoAg+9yhb7BwAHm36g=="
        },
        "buffer": {
            "version": "4.9.2",
            "resolved": "http://localhost:4873/buffer/-/buffer-4.9.2.tgz",
            "integrity": "sha512-xq+q3SRMOxGivLhBNaUdC64hDTQwejJ+H0T/NB1XMtTVEwNTrfFF3gAxiyW0Bu/xWEGhjVKgUcMhCrUy2+uCWg==",
            "requires": {
                "base64-js": "^1.0.2",
                "ieee754": "^1.1.4",
                "isarray": "^1.0.0"
            }
        },
        "crypto-js": {
            "version": "3.3.0",
            "resolved": "http://localhost:4873/crypto-js/-/crypto-js-3.3.0.tgz",
            "integrity": "sha512-DIT51nX0dCfKltpRiXV+/TVZq+Qq2NgF4644+K7Ttnla7zEzqc+kjJyiB96BHNyUTBxyjzRcZYpUdZa+QAqi6Q=="
        },
        "debug": {
            "version": "3.1.0",
            "resolved": "https://registry.npmjs.org/debug/-/debug-3.1.0.tgz",
            "integrity": "sha512-OX8XqP7/1a9cqkxYw2yXss15f26NKWBpDXQd0/uK/KPqdQhxbPa994hnzjcE2VqQpDslf55723cKPUOGSmMY3g==",
            "requires": {
                "ms": "2.0.0"
            }
        },
        "deep-is": {
            "version": "0.1.3",
            "resolved": "http://localhost:4873/deep-is/-/deep-is-0.1.3.tgz",
            "integrity": "sha1-s2nW+128E+7PUk+RsHD+7cNXzzQ="
        },
        "dynamodb-doc": {
            "version": "1.0.0",
            "resolved": "http://localhost:4873/dynamodb-doc/-/dynamodb-doc-1.0.0.tgz",
            "integrity": "sha1-gu0offdI2HC10CIzHHlVWUQ7jx0=",
            "requires": {
                "aws-sdk": "^2.0.19"
            }
        },
        "escodegen": {
            "version": "1.14.3",
            "resolved": "http://localhost:4873/escodegen/-/escodegen-1.14.3.tgz",
            "integrity": "sha512-qFcX0XJkdg+PB3xjZZG/wKSuT1PnQWx57+TVSjIMmILd2yC/6ByYElPwJnslDsuWuSAp4AwJGumarAAmJch5Kw==",
            "requires": {
                "esprima": "^4.0.1",
                "estraverse": "^4.2.0",
                "esutils": "^2.0.2",
                "optionator": "^0.8.1",
                "source-map": "~0.6.1"
            },
            "dependencies": {
                "esprima": {
                    "version": "4.0.1",
                    "resolved": "http://localhost:4873/esprima/-/esprima-4.0.1.tgz",
                    "integrity": "sha512-eGuFFw7Upda+g4p+QHvnW0RyTX/SVeJBDM/gCtMARO0cLuT2HcEKnTPvhjV6aGeqrCB/sbNop0Kszm0jsaWU4A=="
                }
            }
        },
        "esprima": {
            "version": "1.2.2",
            "resolved": "http://localhost:4873/esprima/-/esprima-1.2.2.tgz",
            "integrity": "sha1-dqD9Zvz+FU/SkmZ9wmQBl1CxZXs="
        },
        "estraverse": {
            "version": "4.3.0",
            "resolved": "http://localhost:4873/estraverse/-/estraverse-4.3.0.tgz",
            "integrity": "sha512-39nnKffWz8xN1BU/2c79n9nB9HDzo0niYUqx6xyqUnyoAnQyyWpOTdZEeiCch8BBu515t4wp9ZmgVfVhn9EBpw=="
        },
        "esutils": {
            "version": "2.0.3",
            "resolved": "http://localhost:4873/esutils/-/esutils-2.0.3.tgz",
            "integrity": "sha512-kVscqXk4OCp68SZ0dkgEKVi6/8ij300KBWTJq32P/dYeWTSwK41WyTxalN1eRmA5Z9UU/LX9D7FWSmV9SAYx6g=="
        },
        "events": {
            "version": "1.1.1",
            "resolved": "https://registry.npmjs.org/events/-/events-1.1.1.tgz",
            "integrity": "sha1-nr23Y1rQmccNzEwqH1AEKI6L2SQ="
        },
        "fast-levenshtein": {
            "version": "2.0.6",
            "resolved": "http://localhost:4873/fast-levenshtein/-/fast-levenshtein-2.0.6.tgz",
            "integrity": "sha1-PYpcZog6FqMMqGQ+hR8Zuqd5eRc="
        },
        "follow-redirects": {
            "version": "1.5.10",
            "resolved": "https://registry.npmjs.org/follow-redirects/-/follow-redirects-1.5.10.tgz",
            "integrity": "sha512-0V5l4Cizzvqt5D44aTXbFZz+FtyXV1vrDN6qrelxtfYQKW0KO0W2T/hkE8xvGa/540LkZlkaUjO4ailYTFtHVQ==",
            "requires": {
                "debug": "=3.1.0"
            }
        },
        "ieee754": {
            "version": "1.1.13",
            "resolved": "http://localhost:4873/ieee754/-/ieee754-1.1.13.tgz",
            "integrity": "sha512-4vf7I2LYV/HaWerSo3XmlMkp5eZ83i+/CDluXi/IGTs/O1sejBNhTtnxzmRZfvOUqj7lZjqHkeTvpgSFDlWZTg=="
        },
        "is-buffer": {
            "version": "2.0.3",
            "resolved": "https://registry.npmjs.org/is-buffer/-/is-buffer-2.0.3.tgz",
            "integrity": "sha512-U15Q7MXTuZlrbymiz95PJpZxu8IlipAp4dtS3wOdgPXx3mqBnslrWU14kxfHB+Py/+2PVKSr37dMAgM2A4uArw=="
        },
        "isarray": {
            "version": "1.0.0",
            "resolved": "https://registry.npmjs.org/isarray/-/isarray-1.0.0.tgz",
            "integrity": "sha1-u5NdSFgsuhaMBoNJV6VKPgcSTxE="
        },
        "jmespath": {
            "version": "0.15.0",
            "resolved": "https://registry.npmjs.org/jmespath/-/jmespath-0.15.0.tgz",
            "integrity": "sha1-o/Iiqarp+Wb10nx5ZRDigJF2Qhc="
        },
        "jsonpath": {
            "version": "1.0.2",
            "resolved": "http://localhost:4873/jsonpath/-/jsonpath-1.0.2.tgz",
            "integrity": "sha512-rmzlgFZiQPc6q4HDyK8s9Qb4oxBnI5sF61y/Co5PV0lc3q2bIuRsNdueVbhoSHdKM4fxeimphOAtfz47yjCfeA==",
            "requires": {
                "esprima": "1.2.2",
                "static-eval": "2.0.2",
                "underscore": "1.7.0"
            }
        },
        "levn": {
            "version": "0.3.0",
            "resolved": "http://localhost:4873/levn/-/levn-0.3.0.tgz",
            "integrity": "sha1-OwmSTt+fCDwEkP3UwLxEIeBHZO4=",
            "requires": {
                "prelude-ls": "~1.1.2",
                "type-check": "~0.3.2"
            }
        },
        "ms": {
            "version": "2.0.0",
            "resolved": "https://registry.npmjs.org/ms/-/ms-2.0.0.tgz",
            "integrity": "sha1-VgiurfwAvmwpAd9fmGF4jeDVl8g="
        },
        "node-json-rpc2": {
            "version": "1.1.0",
            "resolved": "https://registry.npmjs.org/node-json-rpc2/-/node-json-rpc2-1.1.0.tgz",
            "integrity": "sha1-9lJMVwTc0JrRW9/9erxAP89Uh48="
        },
        "optionator": {
            "version": "0.8.3",
            "resolved": "http://localhost:4873/optionator/-/optionator-0.8.3.tgz",
            "integrity": "sha512-+IW9pACdk3XWmmTXG8m3upGUJst5XRGzxMRjXzAuJ1XnIFNvfhjjIuYkDvysnPQ7qzqVzLt78BCruntqRhWQbA==",
            "requires": {
                "deep-is": "~0.1.3",
                "fast-levenshtein": "~2.0.6",
                "levn": "~0.3.0",
                "prelude-ls": "~1.1.2",
                "type-check": "~0.3.2",
                "word-wrap": "~1.2.3"
            }
        },
        "parse-srt": {
            "version": "1.0.0-alpha",
            "resolved": "https://registry.npmjs.org/parse-srt/-/parse-srt-1.0.0-alpha.tgz",
            "integrity": "sha1-hePGDTHk3Qkk+vVB6oWhiPw0T2E="
        },
        "prelude-ls": {
            "version": "1.1.2",
            "resolved": "http://localhost:4873/prelude-ls/-/prelude-ls-1.1.2.tgz",
            "integrity": "sha1-IZMqVJ9eUv/ZqCf1cOBL5iqX2lQ="
        },
        "punycode": {
            "version": "1.3.2",
            "resolved": "https://registry.npmjs.org/punycode/-/punycode-1.3.2.tgz",
            "integrity": "sha1-llOgNvt8HuQjQvIyXM7v6jkmxI0="
        },
        "querystring": {
            "version": "0.2.0",
            "resolved": "https://registry.npmjs.org/querystring/-/querystring-0.2.0.tgz",
            "integrity": "sha1-sgmEkgO7Jd+CDadW50cAWHhSFiA="
        },
        "sax": {
            "version": "1.2.1",
            "resolved": "http://localhost:4873/sax/-/sax-1.2.1.tgz",
            "integrity": "sha1-e45lYZCyKOgaZq6nSEgNgozS03o="
        },
        "source-map": {
            "version": "0.6.1",
            "resolved": "http://localhost:4873/source-map/-/source-map-0.6.1.tgz",
            "integrity": "sha512-UjgapumWlbMhkBgzT7Ykc5YXUT46F0iKu8SGXq0bcwP5dz/h0Plj6enJqjz1Zbq2l5WaqYnrVbwWOWMyF3F47g==",
            "optional": true
        },
        "static-eval": {
            "version": "2.0.2",
            "resolved": "http://localhost:4873/static-eval/-/static-eval-2.0.2.tgz",
            "integrity": "sha512-N/D219Hcr2bPjLxPiV+TQE++Tsmrady7TqAJugLy7Xk1EumfDWS/f5dtBbkRCGE7wKKXuYockQoj8Rm2/pVKyg==",
            "requires": {
                "escodegen": "^1.8.1"
            }
        },
        "subtitles-parser": {
            "version": "0.0.2",
            "resolved": "https://registry.npmjs.org/subtitles-parser/-/subtitles-parser-0.0.2.tgz",
            "integrity": "sha1-zy/MPjl7HH+DHhNl9rPON9MVUZQ="
        },
        "type-check": {
            "version": "0.3.2",
            "resolved": "http://localhost:4873/type-check/-/type-check-0.3.2.tgz",
            "integrity": "sha1-WITKtRLPHTVeP7eE8wgEsrUg23I=",
            "requires": {
                "prelude-ls": "~1.1.2"
            }
        },
        "underscore": {
            "version": "1.7.0",
            "resolved": "http://localhost:4873/underscore/-/underscore-1.7.0.tgz",
            "integrity": "sha1-a7rwh3UA02vjTsqlhODbn+8DUgk="
        },
        "url": {
            "version": "0.10.3",
            "resolved": "https://registry.npmjs.org/url/-/url-0.10.3.tgz",
            "integrity": "sha1-Ah5NnHcF8hu/N9A861h2dAJ3TGQ=",
            "requires": {
                "punycode": "1.3.2",
                "querystring": "0.2.0"
            }
        },
        "uuid": {
            "version": "7.0.3",
            "resolved": "http://localhost:4873/uuid/-/uuid-7.0.3.tgz",
            "integrity": "sha512-DPSke0pXhTZgoF/d+WSt2QaKMCFSfx7QegxEWT+JOuHF5aWrKEn0G+ztjuJg/gG8/ItK+rbPCD/yNv8yyih6Cg=="
        },
        "word-wrap": {
            "version": "1.2.3",
            "resolved": "http://localhost:4873/word-wrap/-/word-wrap-1.2.3.tgz",
            "integrity": "sha512-Hz/mrNwitNRh/HUAtM/VT/5VH+ygD6DV7mYKZAtHOrbs8U7lvPS6xf7EJKMF0uW1KJCl0H701g3ZGus+muE5vQ=="
        },
        "xml2js": {
            "version": "0.4.19",
            "resolved": "http://localhost:4873/xml2js/-/xml2js-0.4.19.tgz",
            "integrity": "sha512-esZnJZJOiJR9wWKMyuvSE1y6Dq5LCuJanqhxslH2bxM6duahNZ+HMpCLhBQGZkbX6xRf8x1Y2eJlgt2q3qo49Q==",
            "requires": {
                "sax": ">=0.6.0",
                "xmlbuilder": "~9.0.1"
            }
        },
        "xmlbuilder": {
            "version": "9.0.7",
            "resolved": "http://localhost:4873/xmlbuilder/-/xmlbuilder-9.0.7.tgz",
            "integrity": "sha1-Ey7mPS7FVlxVfiD0wi35rKaGsQ0="
        }
    }
}
