{
    "name": "@local/data",
    "version": "0.0.0",
    "lockfileVersion": 1,
    "requires": true,
    "dependencies": {
        "@mcma/aws-dynamodb": {
            "version": "0.14.1",
            "resolved": "https://registry.npmjs.org/@mcma/aws-dynamodb/-/aws-dynamodb-0.14.1.tgz",
            "integrity": "sha512-mAnjM822hc8W6D+F/6lVZdYr8GD2T9+vuTATIHo3MUtY2MnZgqIeTykZbCdLull4eyO4Sa0T9RlcBMWkTQoyZg==",
            "dev": true,
            "requires": {
                "aws-sdk": "^2.1000.0",
                "dynamodb-doc": "^1.0.0",
                "jsonpath": "1.0.2"
            }
        },
        "@mcma/aws-s3": {
            "version": "0.14.1",
            "resolved": "https://registry.npmjs.org/@mcma/aws-s3/-/aws-s3-0.14.1.tgz",
            "integrity": "sha512-RLbA4rvEOJ10a2ahJex2fiJSbYI4G3g+2uBWixqAhDpG+VSBwB8EEDSbrXbUUGl26MPyd0hR2rbjyqZO6vtk2A==",
            "dev": true,
            "requires": {
                "aws-sdk": "^2.1000.0"
            }
        },
        "@mcma/core": {
            "version": "0.14.1",
            "resolved": "https://registry.npmjs.org/@mcma/core/-/core-0.14.1.tgz",
            "integrity": "sha512-eoV+QAMyGtMzovTsStuA6U6wmEyLc1RJSOF9q2ECG9amGcmrSXwh4LdidQDw9k6N9eVzCh1iXpN0bTUAkGHcLA==",
            "dev": true,
            "requires": {
                "uuid": "^7.0.3"
            },
            "dependencies": {
                "uuid": {
                    "version": "7.0.3",
                    "resolved": "http://localhost:4873/uuid/-/uuid-7.0.3.tgz",
                    "integrity": "sha512-DPSke0pXhTZgoF/d+WSt2QaKMCFSfx7QegxEWT+JOuHF5aWrKEn0G+ztjuJg/gG8/ItK+rbPCD/yNv8yyih6Cg==",
                    "dev": true
                }
            }
        },
        "@mcma/data": {
            "version": "0.14.1",
            "resolved": "https://registry.npmjs.org/@mcma/data/-/data-0.14.1.tgz",
            "integrity": "sha512-iJNjrtx3tYtAfr+Ra/n+/f8djgQlYAnEyhUF9pdWfjCtCTdHK7gaXjfPsKI330/pQHptoaLs/ETS6VTBQsXFHA==",
            "dev": true
        },
        "@types/node": {
            "version": "14.17.32",
            "resolved": "http://localhost:4873/@types%2fnode/-/node-14.17.32.tgz",
            "integrity": "sha512-JcII3D5/OapPGx+eJ+Ik1SQGyt6WvuqdRfh9jUwL6/iHGjmyOriBDciBUu7lEIBTL2ijxwrR70WUnw5AEDmFvQ==",
            "dev": true
        },
        "@types/uuid": {
            "version": "8.3.1",
            "resolved": "http://localhost:4873/@types%2fuuid/-/uuid-8.3.1.tgz",
            "integrity": "sha512-Y2mHTRAbqfFkpjldbkHGY8JIzRN6XqYRliG8/24FcHm2D2PwW24fl5xMRTVGdrb7iMrwCaIEbLWerGIkXuFWVg==",
            "dev": true
        },
        "aws-sdk": {
            "version": "2.1023.0",
            "resolved": "http://localhost:4873/aws-sdk/-/aws-sdk-2.1023.0.tgz",
            "integrity": "sha512-RAI8sUfK+00yL9i3xz5kbM3+t/0mjjnKhKyauXAlJN4seDYtIX5+BqMghpkZwvLBdi6idXIuz+FHWETHZccyuA==",
            "dev": true,
            "requires": {
                "buffer": "4.9.2",
                "events": "1.1.1",
                "ieee754": "1.1.13",
                "jmespath": "0.15.0",
                "querystring": "0.2.0",
                "sax": "1.2.1",
                "url": "0.10.3",
                "uuid": "3.3.2",
                "xml2js": "0.4.19"
            },
            "dependencies": {
                "uuid": {
                    "version": "3.3.2",
                    "resolved": "http://localhost:4873/uuid/-/uuid-3.3.2.tgz",
                    "integrity": "sha512-yXJmeNaw3DnnKAOKJE51sL/ZaYfWJRl1pK9dr19YFCu0ObS231AB1/LbqTKRAQ5kw8A90rA6fr4riOUpTZvQZA==",
                    "dev": true
                }
            }
        },
        "base64-js": {
            "version": "1.5.1",
            "resolved": "http://localhost:4873/base64-js/-/base64-js-1.5.1.tgz",
            "integrity": "sha512-AKpaYlHn8t4SVbOHCy+b5+KKgvR4vrsD8vbvrbiQJps7fKDTkjkDry6ji0rUJjC0kzbNePLwzxq8iypo41qeWA==",
            "dev": true
        },
        "buffer": {
            "version": "4.9.2",
            "resolved": "http://localhost:4873/buffer/-/buffer-4.9.2.tgz",
            "integrity": "sha512-xq+q3SRMOxGivLhBNaUdC64hDTQwejJ+H0T/NB1XMtTVEwNTrfFF3gAxiyW0Bu/xWEGhjVKgUcMhCrUy2+uCWg==",
            "dev": true,
            "requires": {
                "base64-js": "^1.0.2",
                "ieee754": "^1.1.4",
                "isarray": "^1.0.0"
            }
        },
        "deep-is": {
            "version": "0.1.4",
            "resolved": "http://localhost:4873/deep-is/-/deep-is-0.1.4.tgz",
            "integrity": "sha512-oIPzksmTg4/MriiaYGO+okXDT7ztn/w3Eptv/+gSIdMdKsJo0u4CfYNFJPy+4SKMuCqGw2wxnA+URMg3t8a/bQ==",
            "dev": true
        },
        "dynamodb-doc": {
            "version": "1.0.0",
            "resolved": "http://localhost:4873/dynamodb-doc/-/dynamodb-doc-1.0.0.tgz",
            "integrity": "sha1-gu0offdI2HC10CIzHHlVWUQ7jx0=",
            "dev": true,
            "requires": {
                "aws-sdk": "^2.0.19"
            }
        },
        "escodegen": {
            "version": "1.14.3",
            "resolved": "http://localhost:4873/escodegen/-/escodegen-1.14.3.tgz",
            "integrity": "sha512-qFcX0XJkdg+PB3xjZZG/wKSuT1PnQWx57+TVSjIMmILd2yC/6ByYElPwJnslDsuWuSAp4AwJGumarAAmJch5Kw==",
            "dev": true,
            "requires": {
                "esprima": "^4.0.1",
                "estraverse": "^4.2.0",
                "esutils": "^2.0.2",
                "optionator": "^0.8.1",
                "source-map": "~0.6.1"
            },
            "dependencies": {
                "esprima": {
                    "version": "4.0.1",
                    "resolved": "http://localhost:4873/esprima/-/esprima-4.0.1.tgz",
                    "integrity": "sha512-eGuFFw7Upda+g4p+QHvnW0RyTX/SVeJBDM/gCtMARO0cLuT2HcEKnTPvhjV6aGeqrCB/sbNop0Kszm0jsaWU4A==",
                    "dev": true
                }
            }
        },
        "esprima": {
            "version": "1.2.2",
            "resolved": "http://localhost:4873/esprima/-/esprima-1.2.2.tgz",
            "integrity": "sha1-dqD9Zvz+FU/SkmZ9wmQBl1CxZXs=",
            "dev": true
        },
        "estraverse": {
            "version": "4.3.0",
            "resolved": "http://localhost:4873/estraverse/-/estraverse-4.3.0.tgz",
            "integrity": "sha512-39nnKffWz8xN1BU/2c79n9nB9HDzo0niYUqx6xyqUnyoAnQyyWpOTdZEeiCch8BBu515t4wp9ZmgVfVhn9EBpw==",
            "dev": true
        },
        "esutils": {
            "version": "2.0.3",
            "resolved": "http://localhost:4873/esutils/-/esutils-2.0.3.tgz",
            "integrity": "sha512-kVscqXk4OCp68SZ0dkgEKVi6/8ij300KBWTJq32P/dYeWTSwK41WyTxalN1eRmA5Z9UU/LX9D7FWSmV9SAYx6g==",
            "dev": true
        },
        "events": {
            "version": "1.1.1",
            "resolved": "http://localhost:4873/events/-/events-1.1.1.tgz",
            "integrity": "sha1-nr23Y1rQmccNzEwqH1AEKI6L2SQ=",
            "dev": true
        },
        "fast-levenshtein": {
            "version": "2.0.6",
            "resolved": "http://localhost:4873/fast-levenshtein/-/fast-levenshtein-2.0.6.tgz",
            "integrity": "sha1-PYpcZog6FqMMqGQ+hR8Zuqd5eRc=",
            "dev": true
        },
        "ieee754": {
            "version": "1.1.13",
            "resolved": "http://localhost:4873/ieee754/-/ieee754-1.1.13.tgz",
            "integrity": "sha512-4vf7I2LYV/HaWerSo3XmlMkp5eZ83i+/CDluXi/IGTs/O1sejBNhTtnxzmRZfvOUqj7lZjqHkeTvpgSFDlWZTg==",
            "dev": true
        },
        "isarray": {
            "version": "1.0.0",
            "resolved": "http://localhost:4873/isarray/-/isarray-1.0.0.tgz",
            "integrity": "sha1-u5NdSFgsuhaMBoNJV6VKPgcSTxE=",
            "dev": true
        },
        "jmespath": {
            "version": "0.15.0",
            "resolved": "http://localhost:4873/jmespath/-/jmespath-0.15.0.tgz",
            "integrity": "sha1-o/Iiqarp+Wb10nx5ZRDigJF2Qhc=",
            "dev": true
        },
        "jsonpath": {
            "version": "1.0.2",
            "resolved": "http://localhost:4873/jsonpath/-/jsonpath-1.0.2.tgz",
            "integrity": "sha512-rmzlgFZiQPc6q4HDyK8s9Qb4oxBnI5sF61y/Co5PV0lc3q2bIuRsNdueVbhoSHdKM4fxeimphOAtfz47yjCfeA==",
            "dev": true,
            "requires": {
                "esprima": "1.2.2",
                "static-eval": "2.0.2",
                "underscore": "1.7.0"
            }
        },
        "levn": {
            "version": "0.3.0",
            "resolved": "http://localhost:4873/levn/-/levn-0.3.0.tgz",
            "integrity": "sha1-OwmSTt+fCDwEkP3UwLxEIeBHZO4=",
            "dev": true,
            "requires": {
                "prelude-ls": "~1.1.2",
                "type-check": "~0.3.2"
            }
        },
        "optionator": {
            "version": "0.8.3",
            "resolved": "http://localhost:4873/optionator/-/optionator-0.8.3.tgz",
            "integrity": "sha512-+IW9pACdk3XWmmTXG8m3upGUJst5XRGzxMRjXzAuJ1XnIFNvfhjjIuYkDvysnPQ7qzqVzLt78BCruntqRhWQbA==",
            "dev": true,
            "requires": {
                "deep-is": "~0.1.3",
                "fast-levenshtein": "~2.0.6",
                "levn": "~0.3.0",
                "prelude-ls": "~1.1.2",
                "type-check": "~0.3.2",
                "word-wrap": "~1.2.3"
            }
        },
        "prelude-ls": {
            "version": "1.1.2",
            "resolved": "http://localhost:4873/prelude-ls/-/prelude-ls-1.1.2.tgz",
            "integrity": "sha1-IZMqVJ9eUv/ZqCf1cOBL5iqX2lQ=",
            "dev": true
        },
        "punycode": {
            "version": "1.3.2",
            "resolved": "http://localhost:4873/punycode/-/punycode-1.3.2.tgz",
            "integrity": "sha1-llOgNvt8HuQjQvIyXM7v6jkmxI0=",
            "dev": true
        },
        "querystring": {
            "version": "0.2.0",
            "resolved": "http://localhost:4873/querystring/-/querystring-0.2.0.tgz",
            "integrity": "sha1-sgmEkgO7Jd+CDadW50cAWHhSFiA=",
            "dev": true
        },
        "sax": {
            "version": "1.2.1",
            "resolved": "http://localhost:4873/sax/-/sax-1.2.1.tgz",
            "integrity": "sha1-e45lYZCyKOgaZq6nSEgNgozS03o=",
            "dev": true
        },
        "source-map": {
            "version": "0.6.1",
            "resolved": "http://localhost:4873/source-map/-/source-map-0.6.1.tgz",
            "integrity": "sha512-UjgapumWlbMhkBgzT7Ykc5YXUT46F0iKu8SGXq0bcwP5dz/h0Plj6enJqjz1Zbq2l5WaqYnrVbwWOWMyF3F47g==",
            "dev": true,
            "optional": true
        },
        "static-eval": {
            "version": "2.0.2",
            "resolved": "http://localhost:4873/static-eval/-/static-eval-2.0.2.tgz",
            "integrity": "sha512-N/D219Hcr2bPjLxPiV+TQE++Tsmrady7TqAJugLy7Xk1EumfDWS/f5dtBbkRCGE7wKKXuYockQoj8Rm2/pVKyg==",
            "dev": true,
            "requires": {
                "escodegen": "^1.8.1"
            }
        },
        "type-check": {
            "version": "0.3.2",
            "resolved": "http://localhost:4873/type-check/-/type-check-0.3.2.tgz",
            "integrity": "sha1-WITKtRLPHTVeP7eE8wgEsrUg23I=",
            "dev": true,
            "requires": {
                "prelude-ls": "~1.1.2"
            }
        },
        "underscore": {
            "version": "1.7.0",
            "resolved": "http://localhost:4873/underscore/-/underscore-1.7.0.tgz",
            "integrity": "sha1-a7rwh3UA02vjTsqlhODbn+8DUgk=",
            "dev": true
        },
        "url": {
            "version": "0.10.3",
            "resolved": "http://localhost:4873/url/-/url-0.10.3.tgz",
            "integrity": "sha1-Ah5NnHcF8hu/N9A861h2dAJ3TGQ=",
            "dev": true,
            "requires": {
                "punycode": "1.3.2",
                "querystring": "0.2.0"
            }
        },
        "uuid": {
            "version": "8.3.2",
            "resolved": "http://localhost:4873/uuid/-/uuid-8.3.2.tgz",
            "integrity": "sha512-+NYs2QeMWy+GWFOEm9xnn6HCDp0l7QBD7ml8zLUmJ+93Q5NF0NocErnwkTkXVFNiX3/fpC6afS8Dhb/gz7R7eg=="
        },
        "word-wrap": {
            "version": "1.2.3",
            "resolved": "http://localhost:4873/word-wrap/-/word-wrap-1.2.3.tgz",
            "integrity": "sha512-Hz/mrNwitNRh/HUAtM/VT/5VH+ygD6DV7mYKZAtHOrbs8U7lvPS6xf7EJKMF0uW1KJCl0H701g3ZGus+muE5vQ==",
            "dev": true
        },
        "xml2js": {
            "version": "0.4.19",
            "resolved": "http://localhost:4873/xml2js/-/xml2js-0.4.19.tgz",
            "integrity": "sha512-esZnJZJOiJR9wWKMyuvSE1y6Dq5LCuJanqhxslH2bxM6duahNZ+HMpCLhBQGZkbX6xRf8x1Y2eJlgt2q3qo49Q==",
            "dev": true,
            "requires": {
                "sax": ">=0.6.0",
                "xmlbuilder": "~9.0.1"
            }
        },
        "xmlbuilder": {
            "version": "9.0.7",
            "resolved": "http://localhost:4873/xmlbuilder/-/xmlbuilder-9.0.7.tgz",
            "integrity": "sha1-Ey7mPS7FVlxVfiD0wi35rKaGsQ0=",
            "dev": true
        }
    }
}
