{
    "name": "@local/job-processor",
    "version": "0.0.0",
    "lockfileVersion": 1,
    "requires": true,
    "dependencies": {
        "@azure/arm-logic": {
            "version": "6.0.2",
            "resolved": "http://localhost:4873/@azure%2farm-logic/-/arm-logic-6.0.2.tgz",
            "integrity": "sha512-itbg9JlWCW3aC2oP8aLcomAEHlBdPrHtN6On/jpgkHy6L1D/MRFiVU+AmtYdEEqM671vx8ORKU9HaT+0nDb0Xg==",
            "requires": {
                "@azure/ms-rest-azure-js": "^1.3.1",
                "@azure/ms-rest-js": "^1.2.6",
                "tslib": "^1.9.3"
            },
            "dependencies": {
                "@azure/ms-rest-azure-js": {
                    "version": "1.3.8",
                    "resolved": "http://localhost:4873/@azure%2fms-rest-azure-js/-/ms-rest-azure-js-1.3.8.tgz",
                    "integrity": "sha512-AHLfDTCyIH6wBK6+CpImI6sc9mLZ17ZgUrTx3Rhwv+3Mb3Z73BxormkarfR6Stb6scrBYitxJ27FXyndXlGAYg==",
                    "requires": {
                        "@azure/ms-rest-js": "^1.8.10",
                        "tslib": "^1.9.3"
                    }
                },
                "@azure/ms-rest-js": {
                    "version": "1.8.15",
                    "resolved": "http://localhost:4873/@azure%2fms-rest-js/-/ms-rest-js-1.8.15.tgz",
                    "integrity": "sha512-kIB71V3DcrA4iysBbOsYcxd4WWlOE7OFtCUYNfflPODM0lbIR23A236QeTn5iAeYwcHmMjR/TAKp5KQQh/WqoQ==",
                    "requires": {
                        "@types/tunnel": "0.0.0",
                        "axios": "^0.19.0",
                        "form-data": "^2.3.2",
                        "tough-cookie": "^2.4.3",
                        "tslib": "^1.9.2",
                        "tunnel": "0.0.6",
                        "uuid": "^3.2.1",
                        "xml2js": "^0.4.19"
                    }
                },
                "tslib": {
                    "version": "1.13.0",
                    "resolved": "http://localhost:4873/tslib/-/tslib-1.13.0.tgz",
                    "integrity": "sha512-i/6DQjL8Xf3be4K/E6Wgpekn5Qasl1usyw++dAA35Ue5orEn65VIxOA+YvNNl9HV3qv70T7CNwjODHZrLwvd1Q=="
                },
                "uuid": {
                    "version": "3.4.0",
                    "resolved": "http://localhost:4873/uuid/-/uuid-3.4.0.tgz",
                    "integrity": "sha512-HjSDRw6gZE5JMggctHBcjVak08+KEVhSIiDzFnT9S9aegmp85S/bReBVTb4QTFaRNptJ9kuYaNhnbNEOkbKb/A=="
                }
            }
        },
        "@azure/cosmos": {
            "version": "3.9.2",
            "resolved": "http://localhost:4873/@azure%2fcosmos/-/cosmos-3.9.2.tgz",
            "integrity": "sha512-nS02/LyjE22osouSJGWw6DqJ34tbkEgAcysrbKyDzyiqdDKNprP8sAU43WGVr6Jxjw8jGBzg6rkHz9A+IvPcdg==",
            "dev": true,
            "requires": {
                "@types/debug": "^4.1.4",
                "debug": "^4.1.1",
                "fast-json-stable-stringify": "^2.0.0",
                "jsbi": "^3.1.3",
                "node-abort-controller": "^1.0.4",
                "node-fetch": "^2.6.0",
                "priorityqueuejs": "^1.0.0",
                "semaphore": "^1.0.5",
                "tslib": "^2.0.0",
                "universal-user-agent": "^6.0.0",
                "uuid": "^8.1.0"
            },
            "dependencies": {
                "uuid": {
                    "version": "8.3.0",
                    "resolved": "http://localhost:4873/uuid/-/uuid-8.3.0.tgz",
                    "integrity": "sha512-fX6Z5o4m6XsXBdli9g7DtWgAx+osMsRRZFKma1mIUsLCz6vRvv+pz5VNbyu9UEDzpMWulZfvpgb/cmDXVulYFQ==",
                    "dev": true
                }
            }
        },
        "@azure/ms-rest-azure-env": {
            "version": "2.0.0",
            "resolved": "http://localhost:4873/@azure%2fms-rest-azure-env/-/ms-rest-azure-env-2.0.0.tgz",
            "integrity": "sha512-dG76W7ElfLi+fbTjnZVGj+M9e0BIEJmRxU6fHaUQ12bZBe8EJKYb2GV50YWNaP2uJiVQ5+7nXEVj1VN1UQtaEw=="
        },
        "@azure/ms-rest-azure-js": {
            "version": "2.0.1",
            "resolved": "http://localhost:4873/@azure%2fms-rest-azure-js/-/ms-rest-azure-js-2.0.1.tgz",
            "integrity": "sha512-5e+A710O7gRFISoV4KI/ZyLQbKmjXxQZ1L8Z/sx7jSUQqmswjTnN4yyIZxs5JzfLVkobU0rXxbi5/LVzaI8QXQ==",
            "requires": {
                "@azure/ms-rest-js": "^2.0.4",
                "tslib": "^1.10.0"
            },
            "dependencies": {
                "tslib": {
                    "version": "1.13.0",
                    "resolved": "http://localhost:4873/tslib/-/tslib-1.13.0.tgz",
                    "integrity": "sha512-i/6DQjL8Xf3be4K/E6Wgpekn5Qasl1usyw++dAA35Ue5orEn65VIxOA+YvNNl9HV3qv70T7CNwjODHZrLwvd1Q=="
                }
            }
        },
        "@azure/ms-rest-js": {
            "version": "2.0.8",
            "resolved": "http://localhost:4873/@azure%2fms-rest-js/-/ms-rest-js-2.0.8.tgz",
            "integrity": "sha512-PO4pnYaF66IAB/RWbhrTprGyhOzDzsgcbT7z8k3O38JKlwifbrhW+8M0fzx0ScZnaacP8rZyBazYMUF9P12c0g==",
            "requires": {
                "@types/node-fetch": "^2.3.7",
                "@types/tunnel": "0.0.1",
                "abort-controller": "^3.0.0",
                "form-data": "^2.5.0",
                "node-fetch": "^2.6.0",
                "tough-cookie": "^3.0.1",
                "tslib": "^1.10.0",
                "tunnel": "0.0.6",
                "uuid": "^3.3.2",
                "xml2js": "^0.4.19"
            },
            "dependencies": {
                "@types/tunnel": {
                    "version": "0.0.1",
                    "resolved": "http://localhost:4873/@types%2ftunnel/-/tunnel-0.0.1.tgz",
                    "integrity": "sha512-AOqu6bQu5MSWwYvehMXLukFHnupHrpZ8nvgae5Ggie9UwzDR1CCwoXgSSWNZJuyOlCdfdsWMA5F2LlmvyoTv8A==",
                    "requires": {
                        "@types/node": "*"
                    }
                },
                "tough-cookie": {
                    "version": "3.0.1",
                    "resolved": "http://localhost:4873/tough-cookie/-/tough-cookie-3.0.1.tgz",
                    "integrity": "sha512-yQyJ0u4pZsv9D4clxO69OEjLWYw+jbgspjTue4lTQZLfV0c5l1VmK2y1JK8E9ahdpltPOaAThPcp5nKPUgSnsg==",
                    "requires": {
                        "ip-regex": "^2.1.0",
                        "psl": "^1.1.28",
                        "punycode": "^2.1.1"
                    }
                },
                "tslib": {
                    "version": "1.13.0",
                    "resolved": "http://localhost:4873/tslib/-/tslib-1.13.0.tgz",
                    "integrity": "sha512-i/6DQjL8Xf3be4K/E6Wgpekn5Qasl1usyw++dAA35Ue5orEn65VIxOA+YvNNl9HV3qv70T7CNwjODHZrLwvd1Q=="
                },
                "uuid": {
                    "version": "3.4.0",
                    "resolved": "http://localhost:4873/uuid/-/uuid-3.4.0.tgz",
                    "integrity": "sha512-HjSDRw6gZE5JMggctHBcjVak08+KEVhSIiDzFnT9S9aegmp85S/bReBVTb4QTFaRNptJ9kuYaNhnbNEOkbKb/A=="
                }
            }
        },
        "@azure/ms-rest-nodeauth": {
            "version": "3.0.6",
            "resolved": "http://localhost:4873/@azure%2fms-rest-nodeauth/-/ms-rest-nodeauth-3.0.6.tgz",
            "integrity": "sha512-2twuzsXHdKMzEFI2+Sr82o6yS4ppNGZceYwil8PFo+rJxOZIoBm9e0//YC+dKilV/3F+6K/HuW8LdskDrJEQWA==",
            "requires": {
                "@azure/ms-rest-azure-env": "^2.0.0",
                "@azure/ms-rest-js": "^2.0.4",
                "adal-node": "^0.1.28"
            }
        },
        "@mcma/azure-cosmos-db": {
            "version": "0.13.12",
            "resolved": "http://localhost:4873/@mcma%2fazure-cosmos-db/-/azure-cosmos-db-0.13.12.tgz",
            "integrity": "sha512-w5vZ9iZ1DSkwdJTkS/EMk7G+u80fPn63k3xLcUkgajVOx7HjmGIV8CRM2EzN7bJacBknwQm0oSpH0gc0nsSXHg==",
            "dev": true,
            "requires": {
                "@azure/cosmos": "^3.6.2"
            }
        },
        "@mcma/core": {
            "version": "0.13.12",
            "resolved": "http://localhost:4873/@mcma%2fcore/-/core-0.13.12.tgz",
            "integrity": "sha512-AY1ghNOdkR+D+1XJ3M0RlfLsWggHJ6tSzV23cmxvbTIXzO7hVoOMHH9VbIVn4BLFbdLxKJ/oqpIU0XNMOgOfHw==",
            "dev": true,
            "requires": {
                "uuid": "^7.0.3"
            }
        },
        "@mcma/data": {
            "version": "0.13.12",
            "resolved": "http://localhost:4873/@mcma%2fdata/-/data-0.13.12.tgz",
            "integrity": "sha512-zYG1u19YogO9zykGAWLebJCBdDANBWq0p5yNjzAkfFk7q/A7j3kqfw9M7wROGpEB7uAHbokTgVUcy3XxGpfwvA==",
            "dev": true
        },
        "@types/debug": {
            "version": "4.1.5",
            "resolved": "http://localhost:4873/@types%2fdebug/-/debug-4.1.5.tgz",
            "integrity": "sha512-Q1y515GcOdTHgagaVFhHnIFQ38ygs/kmxdNpvpou+raI9UO3YZcHDngBSYKQklcKlvA7iuQlmIKbzvmxcOE9CQ==",
            "dev": true
        },
        "@types/node": {
            "version": "10.17.32",
            "resolved": "http://localhost:4873/@types%2fnode/-/node-10.17.32.tgz",
            "integrity": "sha512-EUq+cjH/3KCzQHikGnNbWAGe548IFLSm93Vl8xA7EuYEEATiyOVDyEVuGkowL7c9V69FF/RiZSAOCFPApMs/ig=="
        },
        "@types/node-fetch": {
            "version": "2.5.7",
            "resolved": "http://localhost:4873/@types%2fnode-fetch/-/node-fetch-2.5.7.tgz",
            "integrity": "sha512-o2WVNf5UhWRkxlf6eq+jMZDu7kjgpgJfl4xVNlvryc95O/6F2ld8ztKX+qu+Rjyet93WAWm5LjeX9H5FGkODvw==",
            "requires": {
                "@types/node": "*",
                "form-data": "^3.0.0"
            },
            "dependencies": {
                "form-data": {
                    "version": "3.0.0",
                    "resolved": "http://localhost:4873/form-data/-/form-data-3.0.0.tgz",
                    "integrity": "sha512-CKMFDglpbMi6PyN+brwB9Q/GOw0eAnsrEZDgcsH5Krhz5Od/haKHAX0NmQfha2zPPz0JpWzA7GJHGSnvCRLWsg==",
                    "requires": {
                        "asynckit": "^0.4.0",
                        "combined-stream": "^1.0.8",
                        "mime-types": "^2.1.12"
                    }
                }
            }
        },
        "@types/tunnel": {
            "version": "0.0.0",
            "resolved": "http://localhost:4873/@types%2ftunnel/-/tunnel-0.0.0.tgz",
            "integrity": "sha512-FGDp0iBRiBdPjOgjJmn1NH0KDLN+Z8fRmo+9J7XGBhubq1DPrGrbmG4UTlGzrpbCpesMqD0sWkzi27EYkOMHyg==",
            "requires": {
                "@types/node": "*"
            }
        },
        "@types/uuid": {
            "version": "7.0.4",
            "resolved": "http://localhost:4873/@types%2fuuid/-/uuid-7.0.4.tgz",
            "integrity": "sha512-WGZCqBZZ0mXN2RxvLHL6/7RCu+OWs28jgQMP04LWfpyJlQUMTR6YU9CNJAKDgbw+EV/u687INXuLUc7FuML/4g==",
            "dev": true
        },
        "abort-controller": {
            "version": "3.0.0",
            "resolved": "http://localhost:4873/abort-controller/-/abort-controller-3.0.0.tgz",
            "integrity": "sha512-h8lQ8tacZYnR3vNQTgibj+tODHI5/+l06Au2Pcriv/Gmet0eaj4TwWH41sO9wnHDiQsEj19q0drzdWdeAHtweg==",
            "requires": {
                "event-target-shim": "^5.0.0"
            }
        },
        "adal-node": {
            "version": "0.1.28",
            "resolved": "http://localhost:4873/adal-node/-/adal-node-0.1.28.tgz",
            "integrity": "sha1-RoxLs+u9lrEnBmn0ucuk4AZepIU=",
            "requires": {
                "@types/node": "^8.0.47",
                "async": ">=0.6.0",
                "date-utils": "*",
                "jws": "3.x.x",
                "request": ">= 2.52.0",
                "underscore": ">= 1.3.1",
                "uuid": "^3.1.0",
                "xmldom": ">= 0.1.x",
                "xpath.js": "~1.1.0"
            },
            "dependencies": {
                "@types/node": {
                    "version": "8.10.64",
                    "resolved": "http://localhost:4873/@types%2fnode/-/node-8.10.64.tgz",
                    "integrity": "sha512-/EwBIb+imu8Qi/A3NF9sJ9iuKo7yV+pryqjmeRqaU0C4wBAOhas5mdvoYeJ5PCKrh6thRSJHdoasFqh3BQGILA=="
                },
                "uuid": {
                    "version": "3.4.0",
                    "resolved": "http://localhost:4873/uuid/-/uuid-3.4.0.tgz",
                    "integrity": "sha512-HjSDRw6gZE5JMggctHBcjVak08+KEVhSIiDzFnT9S9aegmp85S/bReBVTb4QTFaRNptJ9kuYaNhnbNEOkbKb/A=="
                }
            }
        },
        "ajv": {
            "version": "6.12.5",
            "resolved": "http://localhost:4873/ajv/-/ajv-6.12.5.tgz",
            "integrity": "sha512-lRF8RORchjpKG50/WFf8xmg7sgCLFiYNNnqdKflk63whMQcWR5ngGjiSXkL9bjxy6B2npOK2HSMN49jEBMSkag==",
            "requires": {
                "fast-deep-equal": "^3.1.1",
                "fast-json-stable-stringify": "^2.0.0",
                "json-schema-traverse": "^0.4.1",
                "uri-js": "^4.2.2"
            }
        },
        "asn1": {
            "version": "0.2.4",
            "resolved": "http://localhost:4873/asn1/-/asn1-0.2.4.tgz",
            "integrity": "sha512-jxwzQpLQjSmWXgwaCZE9Nz+glAG01yF1QnWgbhGwHI5A6FRIEY6IVqtHhIepHqI7/kyEyQEagBC5mBEFlIYvdg==",
            "requires": {
                "safer-buffer": "~2.1.0"
            }
        },
        "assert-plus": {
            "version": "1.0.0",
            "resolved": "http://localhost:4873/assert-plus/-/assert-plus-1.0.0.tgz",
            "integrity": "sha1-8S4PPF13sLHN2RRpQuTpbB5N1SU="
        },
        "async": {
            "version": "3.2.0",
            "resolved": "http://localhost:4873/async/-/async-3.2.0.tgz",
            "integrity": "sha512-TR2mEZFVOj2pLStYxLht7TyfuRzaydfpxr3k9RpHIzMgw7A64dzsdqCxH1WJyQdoe8T10nDXd9wnEigmiuHIZw=="
        },
        "asynckit": {
            "version": "0.4.0",
            "resolved": "http://localhost:4873/asynckit/-/asynckit-0.4.0.tgz",
            "integrity": "sha1-x57Zf380y48robyXkLzDZkdLS3k="
        },
        "aws-sign2": {
            "version": "0.7.0",
            "resolved": "http://localhost:4873/aws-sign2/-/aws-sign2-0.7.0.tgz",
            "integrity": "sha1-tG6JCTSpWR8tL2+G1+ap8bP+dqg="
        },
        "aws4": {
            "version": "1.10.1",
            "resolved": "http://localhost:4873/aws4/-/aws4-1.10.1.tgz",
            "integrity": "sha512-zg7Hz2k5lI8kb7U32998pRRFin7zJlkfezGJjUc2heaD4Pw2wObakCDVzkKztTm/Ln7eiVvYsjqak0Ed4LkMDA=="
        },
        "axios": {
            "version": "0.19.2",
            "resolved": "http://localhost:4873/axios/-/axios-0.19.2.tgz",
            "integrity": "sha512-fjgm5MvRHLhx+osE2xoekY70AhARk3a6hkN+3Io1jc00jtquGvxYlKlsFUhmUET0V5te6CcZI7lcv2Ym61mjHA==",
            "requires": {
                "follow-redirects": "1.5.10"
            }
        },
        "bcrypt-pbkdf": {
            "version": "1.0.2",
            "resolved": "http://localhost:4873/bcrypt-pbkdf/-/bcrypt-pbkdf-1.0.2.tgz",
            "integrity": "sha1-pDAdOJtqQ/m2f/PKEaP2Y342Dp4=",
            "requires": {
                "tweetnacl": "^0.14.3"
            }
        },
        "buffer-equal-constant-time": {
            "version": "1.0.1",
            "resolved": "http://localhost:4873/buffer-equal-constant-time/-/buffer-equal-constant-time-1.0.1.tgz",
            "integrity": "sha1-+OcRMvf/5uAaXJaXpMbz5I1cyBk="
        },
        "caseless": {
            "version": "0.12.0",
            "resolved": "http://localhost:4873/caseless/-/caseless-0.12.0.tgz",
            "integrity": "sha1-G2gcIf+EAzyCZUMJBolCDRhxUdw="
        },
        "combined-stream": {
            "version": "1.0.8",
            "resolved": "http://localhost:4873/combined-stream/-/combined-stream-1.0.8.tgz",
            "integrity": "sha512-FQN4MRfuJeHf7cBbBMJFXhKSDq+2kAArBlmRBvcvFE5BB1HZKXtSFASDhdlz9zOYwxh8lDdnvmMOe/+5cdoEdg==",
            "requires": {
                "delayed-stream": "~1.0.0"
            }
        },
        "core-util-is": {
            "version": "1.0.2",
            "resolved": "http://localhost:4873/core-util-is/-/core-util-is-1.0.2.tgz",
            "integrity": "sha1-tf1UIgqivFq1eqtxQMlAdUUDwac="
        },
        "dashdash": {
            "version": "1.14.1",
            "resolved": "http://localhost:4873/dashdash/-/dashdash-1.14.1.tgz",
            "integrity": "sha1-hTz6D3y+L+1d4gMmuN1YEDX24vA=",
            "requires": {
                "assert-plus": "^1.0.0"
            }
        },
        "date-utils": {
            "version": "1.2.21",
            "resolved": "http://localhost:4873/date-utils/-/date-utils-1.2.21.tgz",
            "integrity": "sha1-YfsWzcEnSzyayq/+n8ad+HIKK2Q="
        },
        "debug": {
            "version": "4.2.0",
            "resolved": "http://localhost:4873/debug/-/debug-4.2.0.tgz",
            "integrity": "sha512-IX2ncY78vDTjZMFUdmsvIRFY2Cf4FnD0wRs+nQwJU8Lu99/tPFdb0VybiiMTPe3I6rQmwsqQqRBvxU+bZ/I8sg==",
            "dev": true,
            "requires": {
                "ms": "2.1.2"
            }
        },
        "delayed-stream": {
            "version": "1.0.0",
            "resolved": "http://localhost:4873/delayed-stream/-/delayed-stream-1.0.0.tgz",
            "integrity": "sha1-3zrhmayt+31ECqrgsp4icrJOxhk="
        },
        "ecc-jsbn": {
            "version": "0.1.2",
            "resolved": "http://localhost:4873/ecc-jsbn/-/ecc-jsbn-0.1.2.tgz",
            "integrity": "sha1-OoOpBOVDUyh4dMVkt1SThoSamMk=",
            "requires": {
                "jsbn": "~0.1.0",
                "safer-buffer": "^2.1.0"
            }
        },
        "ecdsa-sig-formatter": {
            "version": "1.0.11",
            "resolved": "http://localhost:4873/ecdsa-sig-formatter/-/ecdsa-sig-formatter-1.0.11.tgz",
            "integrity": "sha512-nagl3RYrbNv6kQkeJIpt6NJZy8twLB/2vtz6yN9Z4vRKHN4/QZJIEbqohALSgwKdnksuY3k5Addp5lg8sVoVcQ==",
            "requires": {
                "safe-buffer": "^5.0.1"
            }
        },
        "event-target-shim": {
            "version": "5.0.1",
            "resolved": "http://localhost:4873/event-target-shim/-/event-target-shim-5.0.1.tgz",
            "integrity": "sha512-i/2XbnSz/uxRCU6+NdVJgKWDTM427+MqYbkQzD321DuCQJUqOuJKIA0IM2+W2xtYHdKOmZ4dR6fExsd4SXL+WQ=="
        },
        "extend": {
            "version": "3.0.2",
            "resolved": "http://localhost:4873/extend/-/extend-3.0.2.tgz",
            "integrity": "sha512-fjquC59cD7CyW6urNXK0FBufkZcoiGG80wTuPujX590cB5Ttln20E2UB4S/WARVqhXffZl2LNgS+gQdPIIim/g=="
        },
        "extsprintf": {
            "version": "1.3.0",
            "resolved": "http://localhost:4873/extsprintf/-/extsprintf-1.3.0.tgz",
            "integrity": "sha1-lpGEQOMEGnpBT4xS48V06zw+HgU="
        },
        "fast-deep-equal": {
            "version": "3.1.3",
            "resolved": "http://localhost:4873/fast-deep-equal/-/fast-deep-equal-3.1.3.tgz",
            "integrity": "sha512-f3qQ9oQy9j2AhBe/H9VC91wLmKBCCU/gDOnKNAYG5hswO7BLKj09Hc5HYNz9cGI++xlpDCIgDaitVs03ATR84Q=="
        },
        "fast-json-stable-stringify": {
            "version": "2.1.0",
            "resolved": "http://localhost:4873/fast-json-stable-stringify/-/fast-json-stable-stringify-2.1.0.tgz",
            "integrity": "sha512-lhd/wF+Lk98HZoTCtlVraHtfh5XYijIjalXck7saUtuanSDyLMxnHhSXEDJqHxD7msR8D0uCmqlkwjCV8xvwHw=="
        },
        "follow-redirects": {
            "version": "1.5.10",
            "resolved": "http://localhost:4873/follow-redirects/-/follow-redirects-1.5.10.tgz",
            "integrity": "sha512-0V5l4Cizzvqt5D44aTXbFZz+FtyXV1vrDN6qrelxtfYQKW0KO0W2T/hkE8xvGa/540LkZlkaUjO4ailYTFtHVQ==",
            "requires": {
                "debug": "=3.1.0"
            },
            "dependencies": {
                "debug": {
                    "version": "3.1.0",
                    "resolved": "http://localhost:4873/debug/-/debug-3.1.0.tgz",
                    "integrity": "sha512-OX8XqP7/1a9cqkxYw2yXss15f26NKWBpDXQd0/uK/KPqdQhxbPa994hnzjcE2VqQpDslf55723cKPUOGSmMY3g==",
                    "requires": {
                        "ms": "2.0.0"
                    }
                },
                "ms": {
                    "version": "2.0.0",
                    "resolved": "http://localhost:4873/ms/-/ms-2.0.0.tgz",
                    "integrity": "sha1-VgiurfwAvmwpAd9fmGF4jeDVl8g="
                }
            }
        },
        "forever-agent": {
            "version": "0.6.1",
            "resolved": "http://localhost:4873/forever-agent/-/forever-agent-0.6.1.tgz",
            "integrity": "sha1-+8cfDEGt6zf5bFd60e1C2P2sypE="
        },
        "form-data": {
            "version": "2.5.1",
            "resolved": "http://localhost:4873/form-data/-/form-data-2.5.1.tgz",
            "integrity": "sha512-m21N3WOmEEURgk6B9GLOE4RuWOFf28Lhh9qGYeNlGq4VDXUlJy2th2slBNU8Gp8EzloYZOibZJ7t5ecIrFSjVA==",
            "requires": {
                "asynckit": "^0.4.0",
                "combined-stream": "^1.0.6",
                "mime-types": "^2.1.12"
            }
        },
        "getpass": {
            "version": "0.1.7",
            "resolved": "http://localhost:4873/getpass/-/getpass-0.1.7.tgz",
            "integrity": "sha1-Xv+OPmhNVprkyysSgmBOi6YhSfo=",
            "requires": {
                "assert-plus": "^1.0.0"
            }
        },
        "har-schema": {
            "version": "2.0.0",
            "resolved": "http://localhost:4873/har-schema/-/har-schema-2.0.0.tgz",
            "integrity": "sha1-qUwiJOvKwEeCoNkDVSHyRzW37JI="
        },
        "har-validator": {
            "version": "5.1.5",
            "resolved": "http://localhost:4873/har-validator/-/har-validator-5.1.5.tgz",
            "integrity": "sha512-nmT2T0lljbxdQZfspsno9hgrG3Uir6Ks5afism62poxqBM6sDnMEuPmzTq8XN0OEwqKLLdh1jQI3qyE66Nzb3w==",
            "requires": {
                "ajv": "^6.12.3",
                "har-schema": "^2.0.0"
            }
        },
        "http-signature": {
            "version": "1.2.0",
            "resolved": "http://localhost:4873/http-signature/-/http-signature-1.2.0.tgz",
            "integrity": "sha1-muzZJRFHcvPZW2WmCruPfBj7rOE=",
            "requires": {
                "assert-plus": "^1.0.0",
                "jsprim": "^1.2.2",
                "sshpk": "^1.7.0"
            }
        },
        "ip-regex": {
            "version": "2.1.0",
            "resolved": "http://localhost:4873/ip-regex/-/ip-regex-2.1.0.tgz",
            "integrity": "sha1-+ni/XS5pE8kRzp+BnuUUa7bYROk="
        },
        "is-typedarray": {
            "version": "1.0.0",
            "resolved": "http://localhost:4873/is-typedarray/-/is-typedarray-1.0.0.tgz",
            "integrity": "sha1-5HnICFjfDBsR3dppQPlgEfzaSpo="
        },
        "isstream": {
            "version": "0.1.2",
            "resolved": "http://localhost:4873/isstream/-/isstream-0.1.2.tgz",
            "integrity": "sha1-R+Y/evVa+m+S4VAOaQ64uFKcCZo="
        },
        "jsbi": {
            "version": "3.1.4",
            "resolved": "http://localhost:4873/jsbi/-/jsbi-3.1.4.tgz",
            "integrity": "sha512-52QRRFSsi9impURE8ZUbzAMCLjPm4THO7H2fcuIvaaeFTbSysvkodbQQXIVsNgq/ypDbq6dJiuGKL0vZ/i9hUg==",
            "dev": true
        },
        "jsbn": {
            "version": "0.1.1",
            "resolved": "http://localhost:4873/jsbn/-/jsbn-0.1.1.tgz",
            "integrity": "sha1-peZUwuWi3rXyAdls77yoDA7y9RM="
        },
        "json-schema": {
            "version": "0.2.3",
            "resolved": "http://localhost:4873/json-schema/-/json-schema-0.2.3.tgz",
            "integrity": "sha1-tIDIkuWaLwWVTOcnvT8qTogvnhM="
        },
        "json-schema-traverse": {
            "version": "0.4.1",
            "resolved": "http://localhost:4873/json-schema-traverse/-/json-schema-traverse-0.4.1.tgz",
            "integrity": "sha512-xbbCH5dCYU5T8LcEhhuh7HJ88HXuW3qsI3Y0zOZFKfZEHcpWiHU/Jxzk629Brsab/mMiHQti9wMP+845RPe3Vg=="
        },
        "json-stringify-safe": {
            "version": "5.0.1",
            "resolved": "http://localhost:4873/json-stringify-safe/-/json-stringify-safe-5.0.1.tgz",
            "integrity": "sha1-Epai1Y/UXxmg9s4B1lcB4sc1tus="
        },
        "jsprim": {
            "version": "1.4.1",
            "resolved": "http://localhost:4873/jsprim/-/jsprim-1.4.1.tgz",
            "integrity": "sha1-MT5mvB5cwG5Di8G3SZwuXFastqI=",
            "requires": {
                "assert-plus": "1.0.0",
                "extsprintf": "1.3.0",
                "json-schema": "0.2.3",
                "verror": "1.10.0"
            }
        },
        "jwa": {
            "version": "1.4.1",
            "resolved": "http://localhost:4873/jwa/-/jwa-1.4.1.tgz",
            "integrity": "sha512-qiLX/xhEEFKUAJ6FiBMbes3w9ATzyk5W7Hvzpa/SLYdxNtng+gcurvrI7TbACjIXlsJyr05/S1oUhZrc63evQA==",
            "requires": {
                "buffer-equal-constant-time": "1.0.1",
                "ecdsa-sig-formatter": "1.0.11",
                "safe-buffer": "^5.0.1"
            }
        },
        "jws": {
            "version": "3.2.2",
            "resolved": "http://localhost:4873/jws/-/jws-3.2.2.tgz",
            "integrity": "sha512-YHlZCB6lMTllWDtSPHz/ZXTsi8S00usEV6v1tjq8tOUZzw7DpSDWVXjXDre6ed1w/pd495ODpHZYSdkRTsa0HA==",
            "requires": {
                "jwa": "^1.4.1",
                "safe-buffer": "^5.0.1"
            }
        },
        "mime-db": {
            "version": "1.44.0",
            "resolved": "http://localhost:4873/mime-db/-/mime-db-1.44.0.tgz",
            "integrity": "sha512-/NOTfLrsPBVeH7YtFPgsVWveuL+4SjjYxaQ1xtM1KMFj7HdxlBlxeyNLzhyJVx7r4rZGJAZ/6lkKCitSc/Nmpg=="
        },
        "mime-types": {
            "version": "2.1.27",
            "resolved": "http://localhost:4873/mime-types/-/mime-types-2.1.27.tgz",
            "integrity": "sha512-JIhqnCasI9yD+SsmkquHBxTSEuZdQX5BuQnS2Vc7puQQQ+8yiP5AY5uWhpdv4YL4VM5c6iliiYWPgJ/nJQLp7w==",
            "requires": {
                "mime-db": "1.44.0"
            }
        },
        "ms": {
            "version": "2.1.2",
            "resolved": "http://localhost:4873/ms/-/ms-2.1.2.tgz",
            "integrity": "sha512-sGkPx+VjMtmA6MX27oA4FBFELFCZZ4S4XqeGOXCv68tT+jb3vk/RyaKWP0PTKyWtmLSM0b+adUTEvbs1PEaH2w==",
            "dev": true
        },
        "node-abort-controller": {
            "version": "1.1.0",
            "resolved": "http://localhost:4873/node-abort-controller/-/node-abort-controller-1.1.0.tgz",
            "integrity": "sha512-dEYmUqjtbivotqjraOe8UvhT/poFfog1BQRNsZm/MSEDDESk2cQ1tvD8kGyuN07TM/zoW+n42odL8zTeJupYdQ==",
            "dev": true
        },
        "node-fetch": {
            "version": "2.6.1",
            "resolved": "http://localhost:4873/node-fetch/-/node-fetch-2.6.1.tgz",
            "integrity": "sha512-V4aYg89jEoVRxRb2fJdAg8FHvI7cEyYdVAh94HH0UIK8oJxUfkjlDQN9RbMx+bEjP7+ggMiFRprSti032Oipxw=="
        },
        "oauth-sign": {
            "version": "0.9.0",
            "resolved": "http://localhost:4873/oauth-sign/-/oauth-sign-0.9.0.tgz",
            "integrity": "sha512-fexhUFFPTGV8ybAtSIGbV6gOkSv8UtRbDBnAyLQw4QPKkgNlsH2ByPGtMUqdWkos6YCRmAqViwgZrJc/mRDzZQ=="
        },
        "performance-now": {
            "version": "2.1.0",
            "resolved": "http://localhost:4873/performance-now/-/performance-now-2.1.0.tgz",
            "integrity": "sha1-Ywn04OX6kT7BxpMHrjZLSzd8nns="
        },
        "priorityqueuejs": {
            "version": "1.0.0",
            "resolved": "http://localhost:4873/priorityqueuejs/-/priorityqueuejs-1.0.0.tgz",
            "integrity": "sha1-LuTyPCVgkT4IwHzlzN1t498sWvg=",
            "dev": true
        },
        "psl": {
            "version": "1.8.0",
            "resolved": "http://localhost:4873/psl/-/psl-1.8.0.tgz",
            "integrity": "sha512-RIdOzyoavK+hA18OGGWDqUTsCLhtA7IcZ/6NCs4fFJaHBDab+pDDmDIByWFRQJq2Cd7r1OoQxBGKOaztq+hjIQ=="
        },
        "punycode": {
            "version": "2.1.1",
            "resolved": "http://localhost:4873/punycode/-/punycode-2.1.1.tgz",
            "integrity": "sha512-XRsRjdf+j5ml+y/6GKHPZbrF/8p2Yga0JPtdqTIY2Xe5ohJPD9saDJJLPvp9+NSBprVvevdXZybnj2cv8OEd0A=="
        },
        "qs": {
            "version": "6.5.2",
            "resolved": "http://localhost:4873/qs/-/qs-6.5.2.tgz",
            "integrity": "sha512-N5ZAX4/LxJmF+7wN74pUD6qAh9/wnvdQcjq9TZjevvXzSUo7bfmw91saqMjzGS2xq91/odN2dW/WOl7qQHNDGA=="
        },
        "request": {
            "version": "2.88.2",
            "resolved": "http://localhost:4873/request/-/request-2.88.2.tgz",
            "integrity": "sha512-MsvtOrfG9ZcrOwAW+Qi+F6HbD0CWXEh9ou77uOb7FM2WPhwT7smM833PzanhJLsgXjN89Ir6V2PczXNnMpwKhw==",
            "requires": {
                "aws-sign2": "~0.7.0",
                "aws4": "^1.8.0",
                "caseless": "~0.12.0",
                "combined-stream": "~1.0.6",
                "extend": "~3.0.2",
                "forever-agent": "~0.6.1",
                "form-data": "~2.3.2",
                "har-validator": "~5.1.3",
                "http-signature": "~1.2.0",
                "is-typedarray": "~1.0.0",
                "isstream": "~0.1.2",
                "json-stringify-safe": "~5.0.1",
                "mime-types": "~2.1.19",
                "oauth-sign": "~0.9.0",
                "performance-now": "^2.1.0",
                "qs": "~6.5.2",
                "safe-buffer": "^5.1.2",
                "tough-cookie": "~2.5.0",
                "tunnel-agent": "^0.6.0",
                "uuid": "^3.3.2"
            },
            "dependencies": {
                "form-data": {
                    "version": "2.3.3",
                    "resolved": "http://localhost:4873/form-data/-/form-data-2.3.3.tgz",
                    "integrity": "sha512-1lLKB2Mu3aGP1Q/2eCOx0fNbRMe7XdwktwOruhfqqd0rIJWwN4Dh+E3hrPSlDCXnSR7UtZ1N38rVXm+6+MEhJQ==",
                    "requires": {
                        "asynckit": "^0.4.0",
                        "combined-stream": "^1.0.6",
                        "mime-types": "^2.1.12"
                    }
                },
                "uuid": {
                    "version": "3.4.0",
                    "resolved": "http://localhost:4873/uuid/-/uuid-3.4.0.tgz",
                    "integrity": "sha512-HjSDRw6gZE5JMggctHBcjVak08+KEVhSIiDzFnT9S9aegmp85S/bReBVTb4QTFaRNptJ9kuYaNhnbNEOkbKb/A=="
                }
            }
        },
        "safe-buffer": {
            "version": "5.2.1",
            "resolved": "http://localhost:4873/safe-buffer/-/safe-buffer-5.2.1.tgz",
            "integrity": "sha512-rp3So07KcdmmKbGvgaNxQSJr7bGVSVk5S9Eq1F+ppbRo70+YeaDxkw5Dd8NPN+GD6bjnYm2VuPuCXmpuYvmCXQ=="
        },
        "safer-buffer": {
            "version": "2.1.2",
            "resolved": "http://localhost:4873/safer-buffer/-/safer-buffer-2.1.2.tgz",
            "integrity": "sha512-YZo3K82SD7Riyi0E1EQPojLz7kpepnSQI9IyPbHHg1XXXevb5dJI7tpyN2ADxGcQbHG7vcyRHk0cbwqcQriUtg=="
        },
        "sax": {
            "version": "1.2.4",
            "resolved": "http://localhost:4873/sax/-/sax-1.2.4.tgz",
            "integrity": "sha512-NqVDv9TpANUjFm0N8uM5GxL36UgKi9/atZw+x7YFnQ8ckwFGKrl4xX4yWtrey3UJm5nP1kUbnYgLopqWNSRhWw=="
        },
        "semaphore": {
            "version": "1.1.0",
            "resolved": "http://localhost:4873/semaphore/-/semaphore-1.1.0.tgz",
            "integrity": "sha512-O4OZEaNtkMd/K0i6js9SL+gqy0ZCBMgUvlSqHKi4IBdjhe7wB8pwztUk1BbZ1fmrvpwFrPbHzqd2w5pTcJH6LA==",
            "dev": true
        },
        "sshpk": {
            "version": "1.16.1",
            "resolved": "http://localhost:4873/sshpk/-/sshpk-1.16.1.tgz",
            "integrity": "sha512-HXXqVUq7+pcKeLqqZj6mHFUMvXtOJt1uoUx09pFW6011inTMxqI8BA8PM95myrIyyKwdnzjdFjLiE6KBPVtJIg==",
            "requires": {
                "asn1": "~0.2.3",
                "assert-plus": "^1.0.0",
                "bcrypt-pbkdf": "^1.0.0",
                "dashdash": "^1.12.0",
                "ecc-jsbn": "~0.1.1",
                "getpass": "^0.1.1",
                "jsbn": "~0.1.0",
                "safer-buffer": "^2.0.2",
                "tweetnacl": "~0.14.0"
            }
        },
        "tough-cookie": {
            "version": "2.5.0",
            "resolved": "http://localhost:4873/tough-cookie/-/tough-cookie-2.5.0.tgz",
            "integrity": "sha512-nlLsUzgm1kfLXSXfRZMc1KLAugd4hqJHDTvc2hDIwS3mZAfMEuMbc03SujMF+GEcpaX/qboeycw6iO8JwVv2+g==",
            "requires": {
                "psl": "^1.1.28",
                "punycode": "^2.1.1"
            }
        },
        "tslib": {
            "version": "2.0.1",
            "resolved": "http://localhost:4873/tslib/-/tslib-2.0.1.tgz",
            "integrity": "sha512-SgIkNheinmEBgx1IUNirK0TUD4X9yjjBRTqqjggWCU3pUEqIk3/Uwl3yRixYKT6WjQuGiwDv4NomL3wqRCj+CQ==",
            "dev": true
        },
        "tunnel": {
            "version": "0.0.6",
            "resolved": "http://localhost:4873/tunnel/-/tunnel-0.0.6.tgz",
            "integrity": "sha512-1h/Lnq9yajKY2PEbBadPXj3VxsDDu844OnaAo52UVmIzIvwwtBPIuNvkjuzBlTWpfJyUbG3ez0KSBibQkj4ojg=="
        },
        "tunnel-agent": {
            "version": "0.6.0",
            "resolved": "http://localhost:4873/tunnel-agent/-/tunnel-agent-0.6.0.tgz",
            "integrity": "sha1-J6XeoGs2sEoKmWZ3SykIaPD8QP0=",
            "requires": {
                "safe-buffer": "^5.0.1"
            }
        },
        "tweetnacl": {
            "version": "0.14.5",
            "resolved": "http://localhost:4873/tweetnacl/-/tweetnacl-0.14.5.tgz",
            "integrity": "sha1-WuaBd/GS1EViadEIr6k/+HQ/T2Q="
        },
        "underscore": {
            "version": "1.11.0",
            "resolved": "http://localhost:4873/underscore/-/underscore-1.11.0.tgz",
            "integrity": "sha512-xY96SsN3NA461qIRKZ/+qox37YXPtSBswMGfiNptr+wrt6ds4HaMw23TP612fEyGekRE6LNRiLYr/aqbHXNedw=="
        },
        "universal-user-agent": {
            "version": "6.0.0",
            "resolved": "http://localhost:4873/universal-user-agent/-/universal-user-agent-6.0.0.tgz",
            "integrity": "sha512-isyNax3wXoKaulPDZWHQqbmIx1k2tb9fb3GGDBRxCscfYV2Ch7WxPArBsFEG8s/safwXTT7H4QGhaIkTp9447w==",
            "dev": true
        },
        "uri-js": {
            "version": "4.4.0",
            "resolved": "http://localhost:4873/uri-js/-/uri-js-4.4.0.tgz",
            "integrity": "sha512-B0yRTzYdUCCn9n+F4+Gh4yIDtMQcaJsmYBDsTSG8g/OejKBodLQ2IHfN3bM7jUsRXndopT7OIXWdYqc1fjmV6g==",
            "requires": {
                "punycode": "^2.1.0"
            }
        },
        "uuid": {
            "version": "7.0.3",
            "resolved": "http://localhost:4873/uuid/-/uuid-7.0.3.tgz",
            "integrity": "sha512-DPSke0pXhTZgoF/d+WSt2QaKMCFSfx7QegxEWT+JOuHF5aWrKEn0G+ztjuJg/gG8/ItK+rbPCD/yNv8yyih6Cg=="
        },
        "verror": {
            "version": "1.10.0",
            "resolved": "http://localhost:4873/verror/-/verror-1.10.0.tgz",
            "integrity": "sha1-OhBcoXBTr1XW4nDB+CiGguGNpAA=",
            "requires": {
                "assert-plus": "^1.0.0",
                "core-util-is": "1.0.2",
                "extsprintf": "^1.2.0"
            }
        },
        "xml2js": {
            "version": "0.4.23",
            "resolved": "http://localhost:4873/xml2js/-/xml2js-0.4.23.tgz",
            "integrity": "sha512-ySPiMjM0+pLDftHgXY4By0uswI3SPKLDw/i3UXbnO8M/p28zqexCUoPmQFrYD+/1BzhGJSs2i1ERWKJAtiLrug==",
            "requires": {
                "sax": ">=0.6.0",
                "xmlbuilder": "~11.0.0"
            }
        },
        "xmlbuilder": {
            "version": "11.0.1",
            "resolved": "http://localhost:4873/xmlbuilder/-/xmlbuilder-11.0.1.tgz",
            "integrity": "sha512-fDlsI/kFEx7gLvbecc0/ohLG50fugQp8ryHzMTuW9vSa1GJ0XYWKnhsUx7oie3G98+r56aTQIUB4kht42R3JvA=="
        },
        "xmldom": {
            "version": "0.3.0",
            "resolved": "http://localhost:4873/xmldom/-/xmldom-0.3.0.tgz",
            "integrity": "sha512-z9s6k3wxE+aZHgXYxSTpGDo7BYOUfJsIRyoZiX6HTjwpwfS2wpQBQKa2fD+ShLyPkqDYo5ud7KitmLZ2Cd6r0g=="
        },
        "xpath.js": {
            "version": "1.1.0",
            "resolved": "http://localhost:4873/xpath.js/-/xpath.js-1.1.0.tgz",
            "integrity": "sha512-jg+qkfS4K8E7965sqaUl8mRngXiKb3WZGfONgE18pr03FUQiuSV6G+Ej4tS55B+rIQSFEIw3phdVAQ4pPqNWfQ=="
        }
    }
}
