{
    "name": "aws-ai-service-s3-trigger",
    "version": "0.0.0",
    "lockfileVersion": 1,
    "requires": true,
    "dependencies": {
        "@mcma/aws-dynamodb": {
            "version": "0.12.1",
            "resolved": "http://localhost:4873/@mcma%2faws-dynamodb/-/aws-dynamodb-0.12.1.tgz",
            "integrity": "sha512-PNHrLOZdvLYtw0LmCYKP2zuRZSOCmdtgTu8kAXIWgVamY4msazwQxHbIet068uacdBKJTuVaRFN1emyjFVMjHw==",
            "requires": {
                "aws-sdk": "^2.530.0",
                "dynamodb-doc": "^1.0.0"
            }
        },
        "@mcma/aws-logger": {
            "version": "0.12.1",
            "resolved": "http://localhost:4873/@mcma%2faws-logger/-/aws-logger-0.12.1.tgz",
            "integrity": "sha512-tX0WmlwyoAabSm/9aiZGQAUukCnZG7Nf3/8PkLkiYw2bu53Ydhd89aUECMlk6hFTAaMB5Hcjj8lTpNlGMigIng==",
            "requires": {
                "aws-sdk": "^2.530.0",
                "uuid": "^7.0.3"
            },
            "dependencies": {
                "uuid": {
                    "version": "7.0.3",
                    "resolved": "http://localhost:4873/uuid/-/uuid-7.0.3.tgz",
                    "integrity": "sha512-DPSke0pXhTZgoF/d+WSt2QaKMCFSfx7QegxEWT+JOuHF5aWrKEn0G+ztjuJg/gG8/ItK+rbPCD/yNv8yyih6Cg=="
                }
            }
        },
        "@mcma/aws-s3": {
            "version": "0.12.1",
            "resolved": "http://localhost:4873/@mcma%2faws-s3/-/aws-s3-0.12.1.tgz",
            "integrity": "sha512-LFHS7HRIZsxghu81yjSYdsZYrTtmG1c5hEMYdjQaU8qnzLoC3x9/lJkIovsPfoRzIY5aVTS2S4xQPkkMlR6yBQ==",
            "requires": {
                "aws-sdk": "^2.530.0"
            }
        },
        "@mcma/core": {
            "version": "0.12.1",
            "resolved": "http://localhost:4873/@mcma%2fcore/-/core-0.12.1.tgz",
            "integrity": "sha512-HZ8lfo9hEW4qFWtnN3m6HA6ImZHgtiltrNpNUPhUsaR2n2mj3VvggQQNIj3OAutcdHAH6sZZ7e+NLExMDssa5A==",
            "requires": {
                "uuid": "^7.0.3"
            },
            "dependencies": {
                "uuid": {
                    "version": "7.0.3",
                    "resolved": "http://localhost:4873/uuid/-/uuid-7.0.3.tgz",
                    "integrity": "sha512-DPSke0pXhTZgoF/d+WSt2QaKMCFSfx7QegxEWT+JOuHF5aWrKEn0G+ztjuJg/gG8/ItK+rbPCD/yNv8yyih6Cg=="
                }
            }
        },
        "@mcma/data": {
            "version": "0.12.1",
            "resolved": "http://localhost:4873/@mcma%2fdata/-/data-0.12.1.tgz",
            "integrity": "sha512-PqRfM1uJaaAL+ZSncILiLcUqMwAWkqTuU/y0f30j6/Iszl2OE4vG/aSdN5npzKqfD/Kvmli5dIudHuw+puBBHg=="
        },
        "@types/aws-lambda": {
            "version": "8.10.51",
            "resolved": "http://localhost:4873/@types%2faws-lambda/-/aws-lambda-8.10.51.tgz",
            "integrity": "sha512-XK7RerpXj4r+IO0r7qIeNqUSU6L4qhPMwNhISxozJJiUX/jdXj9WYzTShRVisEcUQHXgJ4TTBqTArM8f9Mjb8g==",
            "dev": true
        },
        "@types/node": {
            "version": "10.17.21",
            "resolved": "http://localhost:4873/@types%2fnode/-/node-10.17.21.tgz",
            "integrity": "sha512-PQKsydPxYxF1DsAFWmunaxd3sOi3iMt6Zmx/tgaagHYmwJ/9cRH91hQkeJZaUGWbvn0K5HlSVEXkn5U/llWPpQ==",
            "dev": true
        },
        "aws-sdk": {
            "version": "2.631.0",
            "resolved": "http://localhost:4873/aws-sdk/-/aws-sdk-2.631.0.tgz",
            "integrity": "sha512-oGYe21pc8b1rxJFZMETZIhY4e/QBJv8Keq4RCef3D/GNXR+oxDQsEDk9KchbkW0WJDxiglj3LnZzPYUhISnBbw==",
            "requires": {
                "buffer": "4.9.1",
                "events": "1.1.1",
                "ieee754": "1.1.13",
                "jmespath": "0.15.0",
                "querystring": "0.2.0",
                "sax": "1.2.1",
                "url": "0.10.3",
                "uuid": "3.3.2",
                "xml2js": "0.4.19"
            }
        },
        "base64-js": {
            "version": "1.3.1",
            "resolved": "http://localhost:4873/base64-js/-/base64-js-1.3.1.tgz",
            "integrity": "sha512-mLQ4i2QO1ytvGWFWmcngKO//JXAQueZvwEKtjgQFM4jIK0kU+ytMfplL8j+n5mspOfjHwoAg+9yhb7BwAHm36g=="
        },
        "buffer": {
            "version": "4.9.1",
            "resolved": "http://localhost:4873/buffer/-/buffer-4.9.1.tgz",
            "integrity": "sha1-bRu2AbB6TvztlwlBMgkwJ8lbwpg=",
            "requires": {
                "base64-js": "^1.0.2",
                "ieee754": "^1.1.4",
                "isarray": "^1.0.0"
            }
        },
        "dynamodb-doc": {
            "version": "1.0.0",
            "resolved": "http://localhost:4873/dynamodb-doc/-/dynamodb-doc-1.0.0.tgz",
            "integrity": "sha1-gu0offdI2HC10CIzHHlVWUQ7jx0=",
            "requires": {
                "aws-sdk": "^2.0.19"
            }
        },
        "events": {
            "version": "1.1.1",
            "resolved": "https://registry.npmjs.org/events/-/events-1.1.1.tgz",
            "integrity": "sha1-nr23Y1rQmccNzEwqH1AEKI6L2SQ="
        },
        "ieee754": {
            "version": "1.1.13",
            "resolved": "http://localhost:4873/ieee754/-/ieee754-1.1.13.tgz",
            "integrity": "sha512-4vf7I2LYV/HaWerSo3XmlMkp5eZ83i+/CDluXi/IGTs/O1sejBNhTtnxzmRZfvOUqj7lZjqHkeTvpgSFDlWZTg=="
        },
        "isarray": {
            "version": "1.0.0",
            "resolved": "https://registry.npmjs.org/isarray/-/isarray-1.0.0.tgz",
            "integrity": "sha1-u5NdSFgsuhaMBoNJV6VKPgcSTxE="
        },
        "jmespath": {
            "version": "0.15.0",
            "resolved": "https://registry.npmjs.org/jmespath/-/jmespath-0.15.0.tgz",
            "integrity": "sha1-o/Iiqarp+Wb10nx5ZRDigJF2Qhc="
        },
        "punycode": {
            "version": "1.3.2",
            "resolved": "https://registry.npmjs.org/punycode/-/punycode-1.3.2.tgz",
            "integrity": "sha1-llOgNvt8HuQjQvIyXM7v6jkmxI0="
        },
        "querystring": {
            "version": "0.2.0",
            "resolved": "https://registry.npmjs.org/querystring/-/querystring-0.2.0.tgz",
            "integrity": "sha1-sgmEkgO7Jd+CDadW50cAWHhSFiA="
        },
        "sax": {
            "version": "1.2.1",
            "resolved": "http://localhost:4873/sax/-/sax-1.2.1.tgz",
            "integrity": "sha1-e45lYZCyKOgaZq6nSEgNgozS03o="
        },
        "url": {
            "version": "0.10.3",
            "resolved": "https://registry.npmjs.org/url/-/url-0.10.3.tgz",
            "integrity": "sha1-Ah5NnHcF8hu/N9A861h2dAJ3TGQ=",
            "requires": {
                "punycode": "1.3.2",
                "querystring": "0.2.0"
            }
        },
        "uuid": {
            "version": "3.3.2",
            "resolved": "https://registry.npmjs.org/uuid/-/uuid-3.3.2.tgz",
            "integrity": "sha512-yXJmeNaw3DnnKAOKJE51sL/ZaYfWJRl1pK9dr19YFCu0ObS231AB1/LbqTKRAQ5kw8A90rA6fr4riOUpTZvQZA=="
        },
        "xml2js": {
            "version": "0.4.19",
            "resolved": "http://localhost:4873/xml2js/-/xml2js-0.4.19.tgz",
            "integrity": "sha512-esZnJZJOiJR9wWKMyuvSE1y6Dq5LCuJanqhxslH2bxM6duahNZ+HMpCLhBQGZkbX6xRf8x1Y2eJlgt2q3qo49Q==",
            "requires": {
                "sax": ">=0.6.0",
                "xmlbuilder": "~9.0.1"
            }
        },
        "xmlbuilder": {
            "version": "9.0.7",
            "resolved": "http://localhost:4873/xmlbuilder/-/xmlbuilder-9.0.7.tgz",
            "integrity": "sha1-Ey7mPS7FVlxVfiD0wi35rKaGsQ0="
        }
    }
}
