{
    "name": "@local/model",
    "version": "0.0.0",
    "lockfileVersion": 1,
    "requires": true,
    "dependencies": {
        "@mcma/core": {
            "version": "0.13.28",
            "resolved": "http://localhost:4873/@mcma%2fcore/-/core-0.13.28.tgz",
            "integrity": "sha512-2DCJm0h6wfKqWEvFmq+a38Y4A6s/3o2RC/2duPfzPb4T5ay4otIcxXYMFSUXzlySEQUPL2zRqKdTn5Wp+Imu6g==",
            "dev": true,
            "requires": {
                "uuid": "^7.0.3"
            }
        },
        "@types/node": {
            "version": "14.17.32",
            "resolved": "http://localhost:4873/@types%2fnode/-/node-14.17.32.tgz",
            "integrity": "sha512-JcII3D5/OapPGx+eJ+Ik1SQGyt6WvuqdRfh9jUwL6/iHGjmyOriBDciBUu7lEIBTL2ijxwrR70WUnw5AEDmFvQ==",
            "dev": true
        },
        "uuid": {
            "version": "7.0.3",
            "resolved": "http://localhost:4873/uuid/-/uuid-7.0.3.tgz",
            "integrity": "sha512-DPSke0pXhTZgoF/d+WSt2QaKMCFSfx7QegxEWT+JOuHF5aWrKEn0G+ztjuJg/gG8/ItK+rbPCD/yNv8yyih6Cg==",
            "dev": true
        }
    }
}
