{
    "name": "job-processor-periodic-job-cleanup",
    "version": "0.0.0",
    "lockfileVersion": 1,
    "requires": true,
    "dependencies": {
        "@mcma/api": {
            "version": "0.12.1",
            "resolved": "http://localhost:4873/@mcma%2fapi/-/api-0.12.1.tgz",
            "integrity": "sha512-Dvn9FHD5NMS9XlthBu2WM+abHZa5ZMHmKZrBrH/82nh4vWNne7ntnCq44mP26UGgPYNI+Sjk6O1dyed6+1CVtA==",
            "requires": {
                "@types/uri-templates": "^0.1.30",
                "pluralize": "^7.0.0",
                "uri-templates": "^0.2.0",
                "uuid": "^7.0.3"
            }
        },
        "@mcma/aws-client": {
            "version": "0.12.1",
            "resolved": "http://localhost:4873/@mcma%2faws-client/-/aws-client-0.12.1.tgz",
            "integrity": "sha512-YBNuBitx7HbyAq3hK0iisV4QKTYcZZx25KbSAmIJNCsYNRGT1/FzJUundX6eaUvlpBh6024yapN8k7d6alTSdw==",
            "requires": {
                "crypto-js": "^3.1.9-1"
            }
        },
        "@mcma/aws-dynamodb": {
            "version": "0.12.1",
            "resolved": "http://localhost:4873/@mcma%2faws-dynamodb/-/aws-dynamodb-0.12.1.tgz",
            "integrity": "sha512-PNHrLOZdvLYtw0LmCYKP2zuRZSOCmdtgTu8kAXIWgVamY4msazwQxHbIet068uacdBKJTuVaRFN1emyjFVMjHw==",
            "requires": {
                "aws-sdk": "^2.530.0",
                "dynamodb-doc": "^1.0.0"
            }
        },
        "@mcma/aws-lambda-worker-invoker": {
            "version": "0.12.1",
            "resolved": "http://localhost:4873/@mcma%2faws-lambda-worker-invoker/-/aws-lambda-worker-invoker-0.12.1.tgz",
            "integrity": "sha512-4Q4e41XmBggXkgaQ6xEI5gWl0yJmc5R3nMxWE2zczWg8209nw/cTP83gO7c4HauOgaAwep3btCSxxPgiH3wSvw==",
            "requires": {
                "aws-sdk": "^2.530.0"
            }
        },
        "@mcma/aws-logger": {
            "version": "0.12.1",
            "resolved": "http://localhost:4873/@mcma%2faws-logger/-/aws-logger-0.12.1.tgz",
            "integrity": "sha512-tX0WmlwyoAabSm/9aiZGQAUukCnZG7Nf3/8PkLkiYw2bu53Ydhd89aUECMlk6hFTAaMB5Hcjj8lTpNlGMigIng==",
            "requires": {
                "aws-sdk": "^2.530.0",
                "uuid": "^7.0.3"
            }
        },
        "@mcma/client": {
            "version": "0.12.1",
            "resolved": "http://localhost:4873/@mcma%2fclient/-/client-0.12.1.tgz",
            "integrity": "sha512-2LYM+kxJxOPrRRErDqM7/Z+mvqMd3k/IZTkqvmq2xyyNimupyb3VQLj8pIO3I48GEavCePCUqkhjC9jD33GGPg==",
            "requires": {
                "axios": "^0.18.0"
            }
        },
        "@mcma/core": {
            "version": "0.12.1",
            "resolved": "http://localhost:4873/@mcma%2fcore/-/core-0.12.1.tgz",
            "integrity": "sha512-HZ8lfo9hEW4qFWtnN3m6HA6ImZHgtiltrNpNUPhUsaR2n2mj3VvggQQNIj3OAutcdHAH6sZZ7e+NLExMDssa5A==",
            "requires": {
                "uuid": "^7.0.3"
            }
        },
        "@mcma/data": {
            "version": "0.12.1",
            "resolved": "http://localhost:4873/@mcma%2fdata/-/data-0.12.1.tgz",
            "integrity": "sha512-PqRfM1uJaaAL+ZSncILiLcUqMwAWkqTuU/y0f30j6/Iszl2OE4vG/aSdN5npzKqfD/Kvmli5dIudHuw+puBBHg=="
        },
        "@mcma/worker": {
            "version": "0.12.1",
            "resolved": "http://localhost:4873/@mcma%2fworker/-/worker-0.12.1.tgz",
            "integrity": "sha512-SJPFBg+dhHwopwZrAXhUiXnbmP8xXvdtug85TClQFFE8QmuqNUG82HdZpqE/dKaUcpG8bG8U8FyxB/+MKG8dEw=="
        },
        "@types/aws-lambda": {
            "version": "8.10.56",
            "resolved": "http://localhost:4873/@types%2faws-lambda/-/aws-lambda-8.10.56.tgz",
            "integrity": "sha512-jaxu5br/KYxhNBNmr2GoVhIUady2zNsvSRCa4kCHW+GcM4ladPhfEyeJkkNMGo/IlVAfpcPYTsSzhYWZoSgZXA==",
            "dev": true
        },
        "@types/body-parser": {
            "version": "1.19.0",
            "resolved": "http://localhost:4873/@types%2fbody-parser/-/body-parser-1.19.0.tgz",
            "integrity": "sha512-W98JrE0j2K78swW4ukqMleo8R7h/pFETjM2DQ90MF6XK2i4LO4W3gQ71Lt4w3bfm2EvVSyWHplECvB5sK22yFQ==",
            "requires": {
                "@types/connect": "*",
                "@types/node": "*"
            },
            "dependencies": {
                "@types/node": {
                    "version": "14.0.13",
                    "resolved": "http://localhost:4873/@types%2fnode/-/node-14.0.13.tgz",
                    "integrity": "sha512-rouEWBImiRaSJsVA+ITTFM6ZxibuAlTuNOCyxVbwreu6k6+ujs7DfnU9o+PShFhET78pMBl3eH+AGSI5eOTkPA=="
                }
            }
        },
        "@types/cls-hooked": {
            "version": "4.3.0",
            "resolved": "http://localhost:4873/@types%2fcls-hooked/-/cls-hooked-4.3.0.tgz",
            "integrity": "sha512-H2ov/zMqgs7b66dkfufx3SXMnYFn6u9IOMEY7JZYWXJhE/WVZogedXsQIgM/504DyvtbNNXMiofaRr1E0+3yZA==",
            "requires": {
                "@types/node": "*"
            },
            "dependencies": {
                "@types/node": {
                    "version": "14.0.13",
                    "resolved": "http://localhost:4873/@types%2fnode/-/node-14.0.13.tgz",
                    "integrity": "sha512-rouEWBImiRaSJsVA+ITTFM6ZxibuAlTuNOCyxVbwreu6k6+ujs7DfnU9o+PShFhET78pMBl3eH+AGSI5eOTkPA=="
                }
            }
        },
        "@types/connect": {
            "version": "3.4.33",
            "resolved": "http://localhost:4873/@types%2fconnect/-/connect-3.4.33.tgz",
            "integrity": "sha512-2+FrkXY4zllzTNfJth7jOqEHC+enpLeGslEhpnTAkg21GkRrWV4SsAtqchtT4YS9/nODBU2/ZfsBY2X4J/dX7A==",
            "requires": {
                "@types/node": "*"
            },
            "dependencies": {
                "@types/node": {
                    "version": "14.0.13",
                    "resolved": "http://localhost:4873/@types%2fnode/-/node-14.0.13.tgz",
                    "integrity": "sha512-rouEWBImiRaSJsVA+ITTFM6ZxibuAlTuNOCyxVbwreu6k6+ujs7DfnU9o+PShFhET78pMBl3eH+AGSI5eOTkPA=="
                }
            }
        },
        "@types/express": {
            "version": "4.17.6",
            "resolved": "http://localhost:4873/@types%2fexpress/-/express-4.17.6.tgz",
            "integrity": "sha512-n/mr9tZI83kd4azlPG5y997C/M4DNABK9yErhFM6hKdym4kkmd9j0vtsJyjFIwfRBxtrxZtAfGZCNRIBMFLK5w==",
            "requires": {
                "@types/body-parser": "*",
                "@types/express-serve-static-core": "*",
                "@types/qs": "*",
                "@types/serve-static": "*"
            }
        },
        "@types/express-serve-static-core": {
            "version": "4.17.7",
            "resolved": "http://localhost:4873/@types%2fexpress-serve-static-core/-/express-serve-static-core-4.17.7.tgz",
            "integrity": "sha512-EMgTj/DF9qpgLXyc+Btimg+XoH7A2liE8uKul8qSmMTHCeNYzydDKFdsJskDvw42UsesCnhO63dO0Grbj8J4Dw==",
            "requires": {
                "@types/node": "*",
                "@types/qs": "*",
                "@types/range-parser": "*"
            },
            "dependencies": {
                "@types/node": {
                    "version": "14.0.13",
                    "resolved": "http://localhost:4873/@types%2fnode/-/node-14.0.13.tgz",
                    "integrity": "sha512-rouEWBImiRaSJsVA+ITTFM6ZxibuAlTuNOCyxVbwreu6k6+ujs7DfnU9o+PShFhET78pMBl3eH+AGSI5eOTkPA=="
                }
            }
        },
        "@types/mime": {
            "version": "2.0.2",
            "resolved": "http://localhost:4873/@types%2fmime/-/mime-2.0.2.tgz",
            "integrity": "sha512-4kPlzbljFcsttWEq6aBW0OZe6BDajAmyvr2xknBG92tejQnvdGtT9+kXSZ580DqpxY9qG2xeQVF9Dq0ymUTo5Q=="
        },
        "@types/mysql": {
            "version": "2.15.13",
            "resolved": "http://localhost:4873/@types%2fmysql/-/mysql-2.15.13.tgz",
            "integrity": "sha512-9hlUjghm0EeLndks56bH6NDcA52ozGcLXr8etlJVuoYXHa2M+neR2XpGekrulln5LsZg8ZRp8/Z0qKGb9Mpjbw==",
            "requires": {
                "@types/node": "*"
            },
            "dependencies": {
                "@types/node": {
                    "version": "14.0.13",
                    "resolved": "http://localhost:4873/@types%2fnode/-/node-14.0.13.tgz",
                    "integrity": "sha512-rouEWBImiRaSJsVA+ITTFM6ZxibuAlTuNOCyxVbwreu6k6+ujs7DfnU9o+PShFhET78pMBl3eH+AGSI5eOTkPA=="
                }
            }
        },
        "@types/node": {
            "version": "10.17.26",
            "resolved": "http://localhost:4873/@types%2fnode/-/node-10.17.26.tgz",
            "integrity": "sha512-myMwkO2Cr82kirHY8uknNRHEVtn0wV3DTQfkrjx17jmkstDRZ24gNUdl8AHXVyVclTYI/bNjgTPTAWvWLqXqkw==",
            "dev": true
        },
        "@types/pg": {
            "version": "7.14.3",
            "resolved": "http://localhost:4873/@types%2fpg/-/pg-7.14.3.tgz",
            "integrity": "sha512-go5zddQ1FrUQHeBvqPzQ1svKo4KKucSwvqLsvwc/EIuQ9sxDA21b68xc/RwhzAK5pPCnez8NrkYatFIGdJBVvA==",
            "requires": {
                "@types/node": "*",
                "@types/pg-types": "*"
            },
            "dependencies": {
                "@types/node": {
                    "version": "14.0.13",
                    "resolved": "http://localhost:4873/@types%2fnode/-/node-14.0.13.tgz",
                    "integrity": "sha512-rouEWBImiRaSJsVA+ITTFM6ZxibuAlTuNOCyxVbwreu6k6+ujs7DfnU9o+PShFhET78pMBl3eH+AGSI5eOTkPA=="
                }
            }
        },
        "@types/pg-types": {
            "version": "1.11.5",
            "resolved": "http://localhost:4873/@types%2fpg-types/-/pg-types-1.11.5.tgz",
            "integrity": "sha512-L8ogeT6vDzT1vxlW3KITTCt+BVXXVkLXfZ/XNm6UqbcJgxf+KPO7yjWx7dQQE8RW07KopL10x2gNMs41+IkMGQ=="
        },
        "@types/qs": {
            "version": "6.9.3",
            "resolved": "http://localhost:4873/@types%2fqs/-/qs-6.9.3.tgz",
            "integrity": "sha512-7s9EQWupR1fTc2pSMtXRQ9w9gLOcrJn+h7HOXw4evxyvVqMi4f+q7d2tnFe3ng3SNHjtK+0EzGMGFUQX4/AQRA=="
        },
        "@types/range-parser": {
            "version": "1.2.3",
            "resolved": "http://localhost:4873/@types%2frange-parser/-/range-parser-1.2.3.tgz",
            "integrity": "sha512-ewFXqrQHlFsgc09MK5jP5iR7vumV/BYayNC6PgJO2LPe8vrnNFyjQjSppfEngITi0qvfKtzFvgKymGheFM9UOA=="
        },
        "@types/serve-static": {
            "version": "1.13.4",
            "resolved": "http://localhost:4873/@types%2fserve-static/-/serve-static-1.13.4.tgz",
            "integrity": "sha512-jTDt0o/YbpNwZbQmE/+2e+lfjJEJJR0I3OFaKQKPWkASkCoW3i6fsUnqudSMcNAfbtmADGu8f4MV4q+GqULmug==",
            "requires": {
                "@types/express-serve-static-core": "*",
                "@types/mime": "*"
            }
        },
        "@types/uri-templates": {
            "version": "0.1.30",
            "resolved": "http://localhost:4873/@types%2furi-templates/-/uri-templates-0.1.30.tgz",
            "integrity": "sha512-tD55i9vfenTtWY2sYejAHU/srlqFp0ofRmxvrvvq9vjteTEsdKkDxMOeTfsvWIFt8267szAzw5yQgYIzq2DsTg=="
        },
        "@types/uuid": {
            "version": "7.0.4",
            "resolved": "http://localhost:4873/@types%2fuuid/-/uuid-7.0.4.tgz",
            "integrity": "sha512-WGZCqBZZ0mXN2RxvLHL6/7RCu+OWs28jgQMP04LWfpyJlQUMTR6YU9CNJAKDgbw+EV/u687INXuLUc7FuML/4g==",
            "dev": true
        },
        "async-hook-jl": {
            "version": "1.7.6",
            "resolved": "http://localhost:4873/async-hook-jl/-/async-hook-jl-1.7.6.tgz",
            "integrity": "sha512-gFaHkFfSxTjvoxDMYqDuGHlcRyUuamF8s+ZTtJdDzqjws4mCt7v0vuV79/E2Wr2/riMQgtG4/yUtXWs1gZ7JMg==",
            "requires": {
                "stack-chain": "^1.3.7"
            }
        },
        "atomic-batcher": {
            "version": "1.0.2",
            "resolved": "http://localhost:4873/atomic-batcher/-/atomic-batcher-1.0.2.tgz",
            "integrity": "sha1-0WkB0QzOxZUWwZe5zNiTBom4E7Q="
        },
        "aws-sdk": {
            "version": "2.698.0",
            "resolved": "http://localhost:4873/aws-sdk/-/aws-sdk-2.698.0.tgz",
            "integrity": "sha512-6S01wJMGwVLU7uld3sNXd1YuZab/Rha7qMFznxOHjkX/N+N0N1+Spd0T4NqXX9ebSai+OfeLT2H0IwyH4LAIZw==",
            "requires": {
                "buffer": "4.9.2",
                "events": "1.1.1",
                "ieee754": "1.1.13",
                "jmespath": "0.15.0",
                "querystring": "0.2.0",
                "sax": "1.2.1",
                "url": "0.10.3",
                "uuid": "3.3.2",
                "xml2js": "0.4.19"
            },
            "dependencies": {
                "uuid": {
                    "version": "3.3.2",
                    "resolved": "http://localhost:4873/uuid/-/uuid-3.3.2.tgz",
                    "integrity": "sha512-yXJmeNaw3DnnKAOKJE51sL/ZaYfWJRl1pK9dr19YFCu0ObS231AB1/LbqTKRAQ5kw8A90rA6fr4riOUpTZvQZA=="
                }
            }
        },
        "aws-xray-sdk": {
            "version": "3.1.0",
            "resolved": "http://localhost:4873/aws-xray-sdk/-/aws-xray-sdk-3.1.0.tgz",
            "integrity": "sha512-9KpqflpXWXKTLzis6jvi2V9uAi6wGXSyBHafqeBlDhUYiwyThRE6r0jbYEGqwqhqwsFZ2gSwyUuJM153x3zaUQ==",
            "requires": {
                "aws-xray-sdk-core": "3.1.0",
                "aws-xray-sdk-express": "3.1.0",
                "aws-xray-sdk-mysql": "3.1.0",
                "aws-xray-sdk-postgres": "3.1.0",
                "pkginfo": "^0.4.0"
            }
        },
        "aws-xray-sdk-core": {
            "version": "3.1.0",
            "resolved": "http://localhost:4873/aws-xray-sdk-core/-/aws-xray-sdk-core-3.1.0.tgz",
            "integrity": "sha512-VvN99CdYrDCygXfPj/tu1vM6IgSNQxoka+N0suzL68CUdfx8mqcGq6KvxRcX80/xQIzDqTorCQfZMq/hrwQePg==",
            "requires": {
                "@types/cls-hooked": "*",
                "atomic-batcher": "^1.0.2",
                "cls-hooked": "^4.2.2",
                "pkginfo": "^0.4.0",
                "semver": "^5.3.0"
            }
        },
        "aws-xray-sdk-express": {
            "version": "3.1.0",
            "resolved": "http://localhost:4873/aws-xray-sdk-express/-/aws-xray-sdk-express-3.1.0.tgz",
            "integrity": "sha512-KFSuwdKeSC4VBZSBvj4QBjAgtTaC+A6M/qXBbCnNjH6UvVr/kxTxit9qL42CK2+jOXyXPXfr/3WlqBNnIdZ7eg==",
            "requires": {
                "@types/express": "*"
            }
        },
        "aws-xray-sdk-mysql": {
            "version": "3.1.0",
            "resolved": "http://localhost:4873/aws-xray-sdk-mysql/-/aws-xray-sdk-mysql-3.1.0.tgz",
            "integrity": "sha512-AXHRaEN+9BWw5sjHkF9QYyRHMB1U8JsMGoiZOSfok+QQ0A1Yx3OVvEhwGiFKwBToakoma1jswF1l3CE2zPOYqg==",
            "requires": {
                "@types/mysql": "*"
            }
        },
        "aws-xray-sdk-postgres": {
            "version": "3.1.0",
            "resolved": "http://localhost:4873/aws-xray-sdk-postgres/-/aws-xray-sdk-postgres-3.1.0.tgz",
            "integrity": "sha512-ODsHEXLYICuiICk5L2g/IaiQob/derXi6goloAera2PZP0OK83H5SABtJVxoHJCXKRddb+T1LP5S/EGPtylT3Q==",
            "requires": {
                "@types/pg": "*"
            }
        },
        "axios": {
            "version": "0.18.1",
            "resolved": "http://localhost:4873/axios/-/axios-0.18.1.tgz",
            "integrity": "sha512-0BfJq4NSfQXd+SkFdrvFbG7addhYSBA2mQwISr46pD6E5iqkWg02RAs8vyTT/j0RTnoYmeXauBuSv1qKwR179g==",
            "requires": {
                "follow-redirects": "1.5.10",
                "is-buffer": "^2.0.2"
            }
        },
        "base64-js": {
            "version": "1.3.1",
            "resolved": "http://localhost:4873/base64-js/-/base64-js-1.3.1.tgz",
            "integrity": "sha512-mLQ4i2QO1ytvGWFWmcngKO//JXAQueZvwEKtjgQFM4jIK0kU+ytMfplL8j+n5mspOfjHwoAg+9yhb7BwAHm36g=="
        },
        "buffer": {
            "version": "4.9.2",
            "resolved": "http://localhost:4873/buffer/-/buffer-4.9.2.tgz",
            "integrity": "sha512-xq+q3SRMOxGivLhBNaUdC64hDTQwejJ+H0T/NB1XMtTVEwNTrfFF3gAxiyW0Bu/xWEGhjVKgUcMhCrUy2+uCWg==",
            "requires": {
                "base64-js": "^1.0.2",
                "ieee754": "^1.1.4",
                "isarray": "^1.0.0"
            }
        },
        "cls-hooked": {
            "version": "4.2.2",
            "resolved": "http://localhost:4873/cls-hooked/-/cls-hooked-4.2.2.tgz",
            "integrity": "sha512-J4Xj5f5wq/4jAvcdgoGsL3G103BtWpZrMo8NEinRltN+xpTZdI+M38pyQqhuFU/P792xkMFvnKSf+Lm81U1bxw==",
            "requires": {
                "async-hook-jl": "^1.7.6",
                "emitter-listener": "^1.0.1",
                "semver": "^5.4.1"
            }
        },
        "crypto-js": {
            "version": "3.3.0",
            "resolved": "http://localhost:4873/crypto-js/-/crypto-js-3.3.0.tgz",
            "integrity": "sha512-DIT51nX0dCfKltpRiXV+/TVZq+Qq2NgF4644+K7Ttnla7zEzqc+kjJyiB96BHNyUTBxyjzRcZYpUdZa+QAqi6Q=="
        },
        "debug": {
            "version": "3.1.0",
            "resolved": "http://localhost:4873/debug/-/debug-3.1.0.tgz",
            "integrity": "sha512-OX8XqP7/1a9cqkxYw2yXss15f26NKWBpDXQd0/uK/KPqdQhxbPa994hnzjcE2VqQpDslf55723cKPUOGSmMY3g==",
            "requires": {
                "ms": "2.0.0"
            }
        },
        "dynamodb-doc": {
            "version": "1.0.0",
            "resolved": "http://localhost:4873/dynamodb-doc/-/dynamodb-doc-1.0.0.tgz",
            "integrity": "sha1-gu0offdI2HC10CIzHHlVWUQ7jx0=",
            "requires": {
                "aws-sdk": "^2.0.19"
            }
        },
        "emitter-listener": {
            "version": "1.1.2",
            "resolved": "http://localhost:4873/emitter-listener/-/emitter-listener-1.1.2.tgz",
            "integrity": "sha512-Bt1sBAGFHY9DKY+4/2cV6izcKJUf5T7/gkdmkxzX/qv9CcGH8xSwVRW5mtX03SWJtRTWSOpzCuWN9rBFYZepZQ==",
            "requires": {
                "shimmer": "^1.2.0"
            }
        },
        "events": {
            "version": "1.1.1",
            "resolved": "http://localhost:4873/events/-/events-1.1.1.tgz",
            "integrity": "sha1-nr23Y1rQmccNzEwqH1AEKI6L2SQ="
        },
        "follow-redirects": {
            "version": "1.5.10",
            "resolved": "http://localhost:4873/follow-redirects/-/follow-redirects-1.5.10.tgz",
            "integrity": "sha512-0V5l4Cizzvqt5D44aTXbFZz+FtyXV1vrDN6qrelxtfYQKW0KO0W2T/hkE8xvGa/540LkZlkaUjO4ailYTFtHVQ==",
            "requires": {
                "debug": "=3.1.0"
            }
        },
        "ieee754": {
            "version": "1.1.13",
            "resolved": "http://localhost:4873/ieee754/-/ieee754-1.1.13.tgz",
            "integrity": "sha512-4vf7I2LYV/HaWerSo3XmlMkp5eZ83i+/CDluXi/IGTs/O1sejBNhTtnxzmRZfvOUqj7lZjqHkeTvpgSFDlWZTg=="
        },
        "is-buffer": {
            "version": "2.0.4",
            "resolved": "http://localhost:4873/is-buffer/-/is-buffer-2.0.4.tgz",
            "integrity": "sha512-Kq1rokWXOPXWuaMAqZiJW4XxsmD9zGx9q4aePabbn3qCRGedtH7Cm+zV8WETitMfu1wdh+Rvd6w5egwSngUX2A=="
        },
        "isarray": {
            "version": "1.0.0",
            "resolved": "http://localhost:4873/isarray/-/isarray-1.0.0.tgz",
            "integrity": "sha1-u5NdSFgsuhaMBoNJV6VKPgcSTxE="
        },
        "jmespath": {
            "version": "0.15.0",
            "resolved": "http://localhost:4873/jmespath/-/jmespath-0.15.0.tgz",
            "integrity": "sha1-o/Iiqarp+Wb10nx5ZRDigJF2Qhc="
        },
        "ms": {
            "version": "2.0.0",
            "resolved": "http://localhost:4873/ms/-/ms-2.0.0.tgz",
            "integrity": "sha1-VgiurfwAvmwpAd9fmGF4jeDVl8g="
        },
        "pkginfo": {
            "version": "0.4.1",
            "resolved": "http://localhost:4873/pkginfo/-/pkginfo-0.4.1.tgz",
            "integrity": "sha1-tUGO8EOd5UJfxJlQQtztFPsqhP8="
        },
        "pluralize": {
            "version": "7.0.0",
            "resolved": "http://localhost:4873/pluralize/-/pluralize-7.0.0.tgz",
            "integrity": "sha512-ARhBOdzS3e41FbkW/XWrTEtukqqLoK5+Z/4UeDaLuSW+39JPeFgs4gCGqsrJHVZX0fUrx//4OF0K1CUGwlIFow=="
        },
        "punycode": {
            "version": "1.3.2",
            "resolved": "http://localhost:4873/punycode/-/punycode-1.3.2.tgz",
            "integrity": "sha1-llOgNvt8HuQjQvIyXM7v6jkmxI0="
        },
        "querystring": {
            "version": "0.2.0",
            "resolved": "http://localhost:4873/querystring/-/querystring-0.2.0.tgz",
            "integrity": "sha1-sgmEkgO7Jd+CDadW50cAWHhSFiA="
        },
        "sax": {
            "version": "1.2.1",
            "resolved": "http://localhost:4873/sax/-/sax-1.2.1.tgz",
            "integrity": "sha1-e45lYZCyKOgaZq6nSEgNgozS03o="
        },
        "semver": {
            "version": "5.7.1",
            "resolved": "http://localhost:4873/semver/-/semver-5.7.1.tgz",
            "integrity": "sha512-sauaDf/PZdVgrLTNYHRtpXa1iRiKcaebiKQ1BJdpQlWH2lCvexQdX55snPFyK7QzpudqbCI0qXFfOasHdyNDGQ=="
        },
        "shimmer": {
            "version": "1.2.1",
            "resolved": "http://localhost:4873/shimmer/-/shimmer-1.2.1.tgz",
            "integrity": "sha512-sQTKC1Re/rM6XyFM6fIAGHRPVGvyXfgzIDvzoq608vM+jeyVD0Tu1E6Np0Kc2zAIFWIj963V2800iF/9LPieQw=="
        },
        "stack-chain": {
            "version": "1.3.7",
            "resolved": "http://localhost:4873/stack-chain/-/stack-chain-1.3.7.tgz",
            "integrity": "sha1-0ZLJ/06moiyUxN1FkXHj8AzqEoU="
        },
        "uri-templates": {
            "version": "0.2.0",
            "resolved": "http://localhost:4873/uri-templates/-/uri-templates-0.2.0.tgz",
            "integrity": "sha1-K1eEURzJCYaHMekjPCaAl9ELSZ8="
        },
        "url": {
            "version": "0.10.3",
            "resolved": "http://localhost:4873/url/-/url-0.10.3.tgz",
            "integrity": "sha1-Ah5NnHcF8hu/N9A861h2dAJ3TGQ=",
            "requires": {
                "punycode": "1.3.2",
                "querystring": "0.2.0"
            }
        },
        "uuid": {
            "version": "7.0.3",
            "resolved": "http://localhost:4873/uuid/-/uuid-7.0.3.tgz",
            "integrity": "sha512-DPSke0pXhTZgoF/d+WSt2QaKMCFSfx7QegxEWT+JOuHF5aWrKEn0G+ztjuJg/gG8/ItK+rbPCD/yNv8yyih6Cg=="
        },
        "xml2js": {
            "version": "0.4.19",
            "resolved": "http://localhost:4873/xml2js/-/xml2js-0.4.19.tgz",
            "integrity": "sha512-esZnJZJOiJR9wWKMyuvSE1y6Dq5LCuJanqhxslH2bxM6duahNZ+HMpCLhBQGZkbX6xRf8x1Y2eJlgt2q3qo49Q==",
            "requires": {
                "sax": ">=0.6.0",
                "xmlbuilder": "~9.0.1"
            }
        },
        "xmlbuilder": {
            "version": "9.0.7",
            "resolved": "http://localhost:4873/xmlbuilder/-/xmlbuilder-9.0.7.tgz",
            "integrity": "sha1-Ey7mPS7FVlxVfiD0wi35rKaGsQ0="
        }
    }
}
