{
    "name": "job-repository-api-handler",
    "version": "0.0.0",
    "lockfileVersion": 1,
    "requires": true,
    "dependencies": {
        "@mcma/api": {
            "version": "0.5.3",
            "resolved": "https://registry.npmjs.org/@mcma/api/-/api-0.5.3.tgz",
            "integrity": "sha512-i+aO8KDfTE9ykh7w24d2nPyCOwsEeHkxopHEb/YYDLsXkmo4WXa8G7O0InZGe+tUWoms/ouwXqr54gpp8h2cuA==",
            "requires": {
                "pluralize": "7.0.0",
                "uri-templates": "0.2.0",
                "uuid": "3.3.2"
            }
        },
        "@mcma/aws-api-gateway": {
            "version": "0.5.3",
            "resolved": "https://registry.npmjs.org/@mcma/aws-api-gateway/-/aws-api-gateway-0.5.3.tgz",
            "integrity": "sha512-EG0bMiK406hLMD6QP0BubZU4DbAyaNhfzKWNZ7cxqRsUuHMVAkCYm+th9755/t+spdMf7LQYb+30hTmGGHQs2A==",
            "requires": {
                "aws-sdk": "2.473.0"
            }
        },
        "@mcma/aws-client": {
            "version": "0.5.3",
            "resolved": "https://registry.npmjs.org/@mcma/aws-client/-/aws-client-0.5.3.tgz",
            "integrity": "sha512-+q7c0CWyGf7Z1jsHqYEDzvpeAFflIsAPnSklmKctnjnHjoSbsXxpiBxn28gjpxx2K3pzI2e+fry9hmGwlUUZLQ==",
            "requires": {
                "crypto-js": "3.1.9-1"
            }
        },
        "@mcma/aws-dynamodb": {
            "version": "0.5.3",
            "resolved": "https://registry.npmjs.org/@mcma/aws-dynamodb/-/aws-dynamodb-0.5.3.tgz",
            "integrity": "sha512-Z+XVPnbbVfjx/5SMVwGzWcA9Y0HYhJdr+x1uwJqfnoGlieuGh9QSrgIF8E4Lbf5VZAJoQU3IOUBlCNJ3SVey2w==",
            "requires": {
                "aws-sdk": "2.473.0",
                "dynamodb-doc": "1.0.0"
            }
        },
        "@mcma/aws-lambda-worker-invoker": {
            "version": "0.5.3",
            "resolved": "https://registry.npmjs.org/@mcma/aws-lambda-worker-invoker/-/aws-lambda-worker-invoker-0.5.3.tgz",
            "integrity": "sha512-uyuxWrA7kP5x3Da9z+2BSoK2XDISenfDCK/AQJn6aBgn2kEIo3GjC9sIoLoj554WiyCf0tMwILeusVEfyg5DzA==",
            "requires": {
                "aws-sdk": "2.473.0"
            }
        },
        "@mcma/client": {
            "version": "0.5.3",
            "resolved": "https://registry.npmjs.org/@mcma/client/-/client-0.5.3.tgz",
            "integrity": "sha512-TfDy72jDw1y4Zo5TwwU+jyx+jv1AzoH7UGqBo4HXztNFPIP6bEYH4aYBq6zGges62yljVvEniTgPe3eLkAB+oA==",
            "requires": {
                "axios": "0.18.1"
            }
        },
        "@mcma/core": {
            "version": "0.5.3",
            "resolved": "https://registry.npmjs.org/@mcma/core/-/core-0.5.3.tgz",
            "integrity": "sha512-+KX0xv03NGzUHOFAOJRkce6x+r+tEM2O4ZViaKN4ud4tb7cbzOTCTOrDBkKEnedBFC6VIaZBVy2loOldPiug4A=="
        },
        "@mcma/data": {
            "version": "0.5.3",
            "resolved": "https://registry.npmjs.org/@mcma/data/-/data-0.5.3.tgz",
            "integrity": "sha512-hzPvvFZBWfOp/mzLDLFvilZgz2pM+//tdRGhyhEn+sD3i5ywEoldH64UbhuSW69//sN2cBVrS+o4VE/zqDNA9A=="
        },
        "aws-sdk": {
            "version": "2.473.0",
            "resolved": "https://registry.npmjs.org/aws-sdk/-/aws-sdk-2.473.0.tgz",
            "integrity": "sha512-1Qr16lOcz4ANzl/oPQRR+fxchfvUx4PVQhUNnDU3FH9OBfU3Xj+Vh6bGYFbreFQgqIqXUTEuJR5pC44uK70YfA==",
            "requires": {
                "buffer": "4.9.1",
                "events": "1.1.1",
                "ieee754": "1.1.8",
                "jmespath": "0.15.0",
                "querystring": "0.2.0",
                "sax": "1.2.1",
                "url": "0.10.3",
                "uuid": "3.3.2",
                "xml2js": "0.4.19"
            }
        },
        "axios": {
            "version": "0.18.1",
            "resolved": "https://registry.npmjs.org/axios/-/axios-0.18.1.tgz",
            "integrity": "sha512-0BfJq4NSfQXd+SkFdrvFbG7addhYSBA2mQwISr46pD6E5iqkWg02RAs8vyTT/j0RTnoYmeXauBuSv1qKwR179g==",
            "requires": {
                "follow-redirects": "1.5.10",
                "is-buffer": "2.0.3"
            }
        },
        "base64-js": {
            "version": "1.3.0",
            "resolved": "https://registry.npmjs.org/base64-js/-/base64-js-1.3.0.tgz",
            "integrity": "sha512-ccav/yGvoa80BQDljCxsmmQ3Xvx60/UpBIij5QN21W3wBi/hhIC9OoO+KLpu9IJTS9j4DRVJ3aDDF9cMSoa2lw=="
        },
        "buffer": {
            "version": "4.9.1",
            "resolved": "https://registry.npmjs.org/buffer/-/buffer-4.9.1.tgz",
            "integrity": "sha1-bRu2AbB6TvztlwlBMgkwJ8lbwpg=",
            "requires": {
                "base64-js": "1.3.0",
                "ieee754": "1.1.8",
                "isarray": "1.0.0"
            }
        },
        "crypto-js": {
            "version": "3.1.9-1",
            "resolved": "https://registry.npmjs.org/crypto-js/-/crypto-js-3.1.9-1.tgz",
            "integrity": "sha1-/aGedh/Ad+Af+/3G6f38WeiAbNg="
        },
        "debug": {
            "version": "3.1.0",
            "resolved": "https://registry.npmjs.org/debug/-/debug-3.1.0.tgz",
            "integrity": "sha512-OX8XqP7/1a9cqkxYw2yXss15f26NKWBpDXQd0/uK/KPqdQhxbPa994hnzjcE2VqQpDslf55723cKPUOGSmMY3g==",
            "requires": {
                "ms": "2.0.0"
            }
        },
        "dynamodb-doc": {
            "version": "1.0.0",
            "resolved": "https://registry.npmjs.org/dynamodb-doc/-/dynamodb-doc-1.0.0.tgz",
            "integrity": "sha1-gu0offdI2HC10CIzHHlVWUQ7jx0=",
            "requires": {
                "aws-sdk": "2.473.0"
            }
        },
        "events": {
            "version": "1.1.1",
            "resolved": "https://registry.npmjs.org/events/-/events-1.1.1.tgz",
            "integrity": "sha1-nr23Y1rQmccNzEwqH1AEKI6L2SQ="
        },
        "follow-redirects": {
            "version": "1.5.10",
            "resolved": "https://registry.npmjs.org/follow-redirects/-/follow-redirects-1.5.10.tgz",
            "integrity": "sha512-0V5l4Cizzvqt5D44aTXbFZz+FtyXV1vrDN6qrelxtfYQKW0KO0W2T/hkE8xvGa/540LkZlkaUjO4ailYTFtHVQ==",
            "requires": {
                "debug": "3.1.0"
            }
        },
        "ieee754": {
            "version": "1.1.8",
            "resolved": "https://registry.npmjs.org/ieee754/-/ieee754-1.1.8.tgz",
            "integrity": "sha1-vjPUCsEO8ZJnAfbwii2G+/0a0+Q="
        },
        "is-buffer": {
            "version": "2.0.3",
            "resolved": "https://registry.npmjs.org/is-buffer/-/is-buffer-2.0.3.tgz",
            "integrity": "sha512-U15Q7MXTuZlrbymiz95PJpZxu8IlipAp4dtS3wOdgPXx3mqBnslrWU14kxfHB+Py/+2PVKSr37dMAgM2A4uArw=="
        },
        "isarray": {
            "version": "1.0.0",
            "resolved": "https://registry.npmjs.org/isarray/-/isarray-1.0.0.tgz",
            "integrity": "sha1-u5NdSFgsuhaMBoNJV6VKPgcSTxE="
        },
        "jmespath": {
            "version": "0.15.0",
            "resolved": "https://registry.npmjs.org/jmespath/-/jmespath-0.15.0.tgz",
            "integrity": "sha1-o/Iiqarp+Wb10nx5ZRDigJF2Qhc="
        },
        "ms": {
            "version": "2.0.0",
            "resolved": "https://registry.npmjs.org/ms/-/ms-2.0.0.tgz",
            "integrity": "sha1-VgiurfwAvmwpAd9fmGF4jeDVl8g="
        },
        "pluralize": {
            "version": "7.0.0",
            "resolved": "https://registry.npmjs.org/pluralize/-/pluralize-7.0.0.tgz",
            "integrity": "sha512-ARhBOdzS3e41FbkW/XWrTEtukqqLoK5+Z/4UeDaLuSW+39JPeFgs4gCGqsrJHVZX0fUrx//4OF0K1CUGwlIFow=="
        },
        "punycode": {
            "version": "1.3.2",
            "resolved": "https://registry.npmjs.org/punycode/-/punycode-1.3.2.tgz",
            "integrity": "sha1-llOgNvt8HuQjQvIyXM7v6jkmxI0="
        },
        "querystring": {
            "version": "0.2.0",
            "resolved": "https://registry.npmjs.org/querystring/-/querystring-0.2.0.tgz",
            "integrity": "sha1-sgmEkgO7Jd+CDadW50cAWHhSFiA="
        },
        "sax": {
            "version": "1.2.1",
            "resolved": "https://registry.npmjs.org/sax/-/sax-1.2.1.tgz",
            "integrity": "sha1-e45lYZCyKOgaZq6nSEgNgozS03o="
        },
        "uri-templates": {
            "version": "0.2.0",
            "resolved": "https://registry.npmjs.org/uri-templates/-/uri-templates-0.2.0.tgz",
            "integrity": "sha1-K1eEURzJCYaHMekjPCaAl9ELSZ8="
        },
        "url": {
            "version": "0.10.3",
            "resolved": "https://registry.npmjs.org/url/-/url-0.10.3.tgz",
            "integrity": "sha1-Ah5NnHcF8hu/N9A861h2dAJ3TGQ=",
            "requires": {
                "punycode": "1.3.2",
                "querystring": "0.2.0"
            }
        },
        "uuid": {
            "version": "3.3.2",
            "resolved": "https://registry.npmjs.org/uuid/-/uuid-3.3.2.tgz",
            "integrity": "sha512-yXJmeNaw3DnnKAOKJE51sL/ZaYfWJRl1pK9dr19YFCu0ObS231AB1/LbqTKRAQ5kw8A90rA6fr4riOUpTZvQZA=="
        },
        "xml2js": {
            "version": "0.4.19",
            "resolved": "https://registry.npmjs.org/xml2js/-/xml2js-0.4.19.tgz",
            "integrity": "sha512-esZnJZJOiJR9wWKMyuvSE1y6Dq5LCuJanqhxslH2bxM6duahNZ+HMpCLhBQGZkbX6xRf8x1Y2eJlgt2q3qo49Q==",
            "requires": {
                "sax": "1.2.1",
                "xmlbuilder": "9.0.7"
            }
        },
        "xmlbuilder": {
            "version": "9.0.7",
            "resolved": "https://registry.npmjs.org/xmlbuilder/-/xmlbuilder-9.0.7.tgz",
            "integrity": "sha1-Ey7mPS7FVlxVfiD0wi35rKaGsQ0="
        }
    }
}
