{
  "requires": true,
  "lockfileVersion": 1,
  "dependencies": {
    "debug": {
      "version": "4.1.0",
      "resolved": "https://registry.npmjs.org/debug/-/debug-4.1.0.tgz",
      "integrity": "sha512-heNPJUJIqC+xB6ayLAMHaIrmN9HKa7aQO8MGqKpvCA+uJYVcvR6l5kgdrhRuwPFHU7P5/A1w0BjByPHwpfTDKg==",
      "requires": {
        "ms": "2.1.2"
      }
    },
    "ms": {
      "version": "2.1.2",
      "resolved": "https://registry.npmjs.org/ms/-/ms-2.1.2.tgz",
      "integrity": "sha512-sGkPx+VjMtmA6MX27oA4FBFELFCZZ4S4XqeGOXCv68tT+jb3vk/RyaKWP0PTKyWtmLSM0b+adUTEvbs1PEaH2w=="
    },
    "sentence-tokenizer": {
      "version": "1.0.1",
      "resolved": "https://registry.npmjs.org/sentence-tokenizer/-/sentence-tokenizer-1.0.1.tgz",
      "integrity": "sha512-nmKF6fXmgZouD3AfWgYCmr35g7g7ObtbTlEFRVx2oj/ptrCOrosixrhXhWUdnPRdze7xhMf4IcliAa021BMXTA==",
      "requires": {
        "debug": "4.1.0"
      }
    }
  }
}
