{
    "name": "translation-to-speech",
    "version": "0.0.0",
    "lockfileVersion": 1,
    "requires": true,
    "dependencies": {
        "@mcma/aws-client": {
            "version": "0.13.10",
            "resolved": "http://localhost:4873/@mcma%2faws-client/-/aws-client-0.13.10.tgz",
            "integrity": "sha512-2TGw21q4/aIjnTjh0z5updsH3SCQfK0IHD9ihxBXHFApHy/O5nH+GxRErnT/8q6mydFYEMne/Fw/jlsMOdhjVg==",
            "requires": {
                "crypto-js": "^3.1.9-1"
            }
        },
        "@mcma/aws-logger": {
            "version": "0.13.10",
            "resolved": "http://localhost:4873/@mcma%2faws-logger/-/aws-logger-0.13.10.tgz",
            "integrity": "sha512-yypKZcI61WnbfezOIOvDNw4UElo9cIvKj3QU+Ax5az+G61QPR4nOe7MVTH1ycUQE8LfNiR59wAQus0F3uT9iRA==",
            "requires": {
                "aws-sdk": "^2.530.0",
                "uuid": "^7.0.3"
            },
            "dependencies": {
                "uuid": {
                    "version": "7.0.3",
                    "resolved": "http://localhost:4873/uuid/-/uuid-7.0.3.tgz",
                    "integrity": "sha512-DPSke0pXhTZgoF/d+WSt2QaKMCFSfx7QegxEWT+JOuHF5aWrKEn0G+ztjuJg/gG8/ItK+rbPCD/yNv8yyih6Cg=="
                }
            }
        },
        "@mcma/aws-s3": {
            "version": "0.13.10",
            "resolved": "http://localhost:4873/@mcma%2faws-s3/-/aws-s3-0.13.10.tgz",
            "integrity": "sha512-61+9QvmHFgyVLgqMJQzR6rr+jmPUpv8RjGP9poSEeGF01RMsBT+3gPA8oL2fiCifHBwGrB9W5OPez4iYc4s6bg==",
            "requires": {
                "aws-sdk": "^2.530.0"
            }
        },
        "@mcma/client": {
            "version": "0.13.10",
            "resolved": "http://localhost:4873/@mcma%2fclient/-/client-0.13.10.tgz",
            "integrity": "sha512-3QA4b7dOCwy+YLMz3GBzW79KnjK9HPadm25xsRTwuc1Z7kmv2jvISYJVSSskEsjVYbpTKiih7WWOCdC7OQUvJg==",
            "requires": {
                "axios": "^0.18.0"
            }
        },
        "@mcma/core": {
            "version": "0.13.10",
            "resolved": "http://localhost:4873/@mcma%2fcore/-/core-0.13.10.tgz",
            "integrity": "sha512-Niunzy0tk3QXG4aO5P6ejkrcFUbc8GP2bNhmmojHoz3ofgdRjaP7GVrt6CmBCcUjZwLgeObJ5UrqKuTj03RCgA==",
            "requires": {
                "uuid": "^7.0.3"
            },
            "dependencies": {
                "uuid": {
                    "version": "7.0.3",
                    "resolved": "http://localhost:4873/uuid/-/uuid-7.0.3.tgz",
                    "integrity": "sha512-DPSke0pXhTZgoF/d+WSt2QaKMCFSfx7QegxEWT+JOuHF5aWrKEn0G+ztjuJg/gG8/ItK+rbPCD/yNv8yyih6Cg=="
                }
            }
        },
        "@types/aws-lambda": {
            "version": "8.10.62",
            "resolved": "http://localhost:4873/@types%2faws-lambda/-/aws-lambda-8.10.62.tgz",
            "integrity": "sha512-43XhJY5jvyH03U0cRsSqeHWhvmGZNoLzTPSAZ3JAqgG9p20uw+Sx9Auk5OAefJajd9ZcfjDJ/9lJ2BiBxfKJRw==",
            "dev": true
        },
        "@types/node": {
            "version": "10.17.35",
            "resolved": "http://localhost:4873/@types%2fnode/-/node-10.17.35.tgz",
            "integrity": "sha512-gXx7jAWpMddu0f7a+L+txMplp3FnHl53OhQIF9puXKq3hDGY/GjH+MF04oWnV/adPSCrbtHumDCFwzq2VhltWA==",
            "dev": true
        },
        "aws-sdk": {
            "version": "2.755.0",
            "resolved": "http://localhost:4873/aws-sdk/-/aws-sdk-2.755.0.tgz",
            "integrity": "sha512-APei6/d3ki6wi9pp6XvQ7QTiOhDBCo1qCOQZ5n8POUE1yrB7/6SNWami9OTj2TavFvnz7OuPr5YZ2/Ra45N49A==",
            "requires": {
                "buffer": "4.9.2",
                "events": "1.1.1",
                "ieee754": "1.1.13",
                "jmespath": "0.15.0",
                "querystring": "0.2.0",
                "sax": "1.2.1",
                "url": "0.10.3",
                "uuid": "3.3.2",
                "xml2js": "0.4.19"
            }
        },
        "axios": {
            "version": "0.18.1",
            "resolved": "http://localhost:4873/axios/-/axios-0.18.1.tgz",
            "integrity": "sha512-0BfJq4NSfQXd+SkFdrvFbG7addhYSBA2mQwISr46pD6E5iqkWg02RAs8vyTT/j0RTnoYmeXauBuSv1qKwR179g==",
            "requires": {
                "follow-redirects": "1.5.10",
                "is-buffer": "^2.0.2"
            }
        },
        "base64-js": {
            "version": "1.3.1",
            "resolved": "http://localhost:4873/base64-js/-/base64-js-1.3.1.tgz",
            "integrity": "sha512-mLQ4i2QO1ytvGWFWmcngKO//JXAQueZvwEKtjgQFM4jIK0kU+ytMfplL8j+n5mspOfjHwoAg+9yhb7BwAHm36g=="
        },
        "buffer": {
            "version": "4.9.2",
            "resolved": "http://localhost:4873/buffer/-/buffer-4.9.2.tgz",
            "integrity": "sha512-xq+q3SRMOxGivLhBNaUdC64hDTQwejJ+H0T/NB1XMtTVEwNTrfFF3gAxiyW0Bu/xWEGhjVKgUcMhCrUy2+uCWg==",
            "requires": {
                "base64-js": "^1.0.2",
                "ieee754": "^1.1.4",
                "isarray": "^1.0.0"
            }
        },
        "crypto-js": {
            "version": "3.3.0",
            "resolved": "http://localhost:4873/crypto-js/-/crypto-js-3.3.0.tgz",
            "integrity": "sha512-DIT51nX0dCfKltpRiXV+/TVZq+Qq2NgF4644+K7Ttnla7zEzqc+kjJyiB96BHNyUTBxyjzRcZYpUdZa+QAqi6Q=="
        },
        "debug": {
            "version": "3.1.0",
            "resolved": "http://localhost:4873/debug/-/debug-3.1.0.tgz",
            "integrity": "sha512-OX8XqP7/1a9cqkxYw2yXss15f26NKWBpDXQd0/uK/KPqdQhxbPa994hnzjcE2VqQpDslf55723cKPUOGSmMY3g==",
            "requires": {
                "ms": "2.0.0"
            }
        },
        "events": {
            "version": "1.1.1",
            "resolved": "https://registry.npmjs.org/events/-/events-1.1.1.tgz",
            "integrity": "sha1-nr23Y1rQmccNzEwqH1AEKI6L2SQ="
        },
        "follow-redirects": {
            "version": "1.5.10",
            "resolved": "http://localhost:4873/follow-redirects/-/follow-redirects-1.5.10.tgz",
            "integrity": "sha512-0V5l4Cizzvqt5D44aTXbFZz+FtyXV1vrDN6qrelxtfYQKW0KO0W2T/hkE8xvGa/540LkZlkaUjO4ailYTFtHVQ==",
            "requires": {
                "debug": "=3.1.0"
            }
        },
        "ieee754": {
            "version": "1.1.13",
            "resolved": "http://localhost:4873/ieee754/-/ieee754-1.1.13.tgz",
            "integrity": "sha512-4vf7I2LYV/HaWerSo3XmlMkp5eZ83i+/CDluXi/IGTs/O1sejBNhTtnxzmRZfvOUqj7lZjqHkeTvpgSFDlWZTg=="
        },
        "is-buffer": {
            "version": "2.0.4",
            "resolved": "http://localhost:4873/is-buffer/-/is-buffer-2.0.4.tgz",
            "integrity": "sha512-Kq1rokWXOPXWuaMAqZiJW4XxsmD9zGx9q4aePabbn3qCRGedtH7Cm+zV8WETitMfu1wdh+Rvd6w5egwSngUX2A=="
        },
        "isarray": {
            "version": "1.0.0",
            "resolved": "https://registry.npmjs.org/isarray/-/isarray-1.0.0.tgz",
            "integrity": "sha1-u5NdSFgsuhaMBoNJV6VKPgcSTxE="
        },
        "jmespath": {
            "version": "0.15.0",
            "resolved": "https://registry.npmjs.org/jmespath/-/jmespath-0.15.0.tgz",
            "integrity": "sha1-o/Iiqarp+Wb10nx5ZRDigJF2Qhc="
        },
        "ms": {
            "version": "2.0.0",
            "resolved": "http://localhost:4873/ms/-/ms-2.0.0.tgz",
            "integrity": "sha1-VgiurfwAvmwpAd9fmGF4jeDVl8g="
        },
        "punycode": {
            "version": "1.3.2",
            "resolved": "https://registry.npmjs.org/punycode/-/punycode-1.3.2.tgz",
            "integrity": "sha1-llOgNvt8HuQjQvIyXM7v6jkmxI0="
        },
        "querystring": {
            "version": "0.2.0",
            "resolved": "https://registry.npmjs.org/querystring/-/querystring-0.2.0.tgz",
            "integrity": "sha1-sgmEkgO7Jd+CDadW50cAWHhSFiA="
        },
        "sax": {
            "version": "1.2.1",
            "resolved": "http://localhost:4873/sax/-/sax-1.2.1.tgz",
            "integrity": "sha1-e45lYZCyKOgaZq6nSEgNgozS03o="
        },
        "url": {
            "version": "0.10.3",
            "resolved": "https://registry.npmjs.org/url/-/url-0.10.3.tgz",
            "integrity": "sha1-Ah5NnHcF8hu/N9A861h2dAJ3TGQ=",
            "requires": {
                "punycode": "1.3.2",
                "querystring": "0.2.0"
            }
        },
        "uuid": {
            "version": "3.3.2",
            "resolved": "https://registry.npmjs.org/uuid/-/uuid-3.3.2.tgz",
            "integrity": "sha512-yXJmeNaw3DnnKAOKJE51sL/ZaYfWJRl1pK9dr19YFCu0ObS231AB1/LbqTKRAQ5kw8A90rA6fr4riOUpTZvQZA=="
        },
        "xml2js": {
            "version": "0.4.19",
            "resolved": "http://localhost:4873/xml2js/-/xml2js-0.4.19.tgz",
            "integrity": "sha512-esZnJZJOiJR9wWKMyuvSE1y6Dq5LCuJanqhxslH2bxM6duahNZ+HMpCLhBQGZkbX6xRf8x1Y2eJlgt2q3qo49Q==",
            "requires": {
                "sax": ">=0.6.0",
                "xmlbuilder": "~9.0.1"
            }
        },
        "xmlbuilder": {
            "version": "9.0.7",
            "resolved": "http://localhost:4873/xmlbuilder/-/xmlbuilder-9.0.7.tgz",
            "integrity": "sha1-Ey7mPS7FVlxVfiD0wi35rKaGsQ0="
        }
    }
}
